// !$*UTF8*$!
{
	archiveVersion = 1;
	classes = {
	};
	objectVersion = 46;
	objects = {

/* Begin PBXBuildFile section */
		D25C193D1BB19054003DDAA7 /* FamilyMember.m in Sources */ = {isa = PBXBuildFile; fileRef = D25C193C1BB19054003DDAA7 /* FamilyMember.m */; settings = {ASSET_TAGS = (); }; };
		D26B54151BAF5EED00C411F2 /* main.m in Sources */ = {isa = PBXBuildFile; fileRef = D26B54141BAF5EED00C411F2 /* main.m */; };
		D26B54181BAF5EED00C411F2 /* AppDelegate.m in Sources */ = {isa = PBXBuildFile; fileRef = D26B54171BAF5EED00C411F2 /* AppDelegate.m */; };
		D26B541B1BAF5EED00C411F2 /* ViewController.m in Sources */ = {isa = PBXBuildFile; fileRef = D26B541A1BAF5EED00C411F2 /* ViewController.m */; };
		D26B541E1BAF5EED00C411F2 /* Main.storyboard in Resources */ = {isa = PBXBuildFile; fileRef = D26B541C1BAF5EED00C411F2 /* Main.storyboard */; };
		D26B54201BAF5EED00C411F2 /* Assets.xcassets in Resources */ = {isa = PBXBuildFile; fileRef = D26B541F1BAF5EED00C411F2 /* Assets.xcassets */; };
		D26B54231BAF5EED00C411F2 /* LaunchScreen.storyboard in Resources */ = {isa = PBXBuildFile; fileRef = D26B54211BAF5EED00C411F2 /* LaunchScreen.storyboard */; };
		D26B542E1BAF5EED00C411F2 /* rm3Tests.m in Sources */ = {isa = PBXBuildFile; fileRef = D26B542D1BAF5EED00C411F2 /* rm3Tests.m */; };
		D26B54391BAF5EED00C411F2 /* rm3UITests.m in Sources */ = {isa = PBXBuildFile; fileRef = D26B54381BAF5EED00C411F2 /* rm3UITests.m */; };
		D26B54481BAF6BE400C411F2 /* FamilyMemberCollectionViewCell.m in Sources */ = {isa = PBXBuildFile; fileRef = D26B54471BAF6BE400C411F2 /* FamilyMemberCollectionViewCell.m */; settings = {ASSET_TAGS = (); }; };
		D26B544B1BAF6C5C00C411F2 /* FamilyMemberCollectionViewController.m in Sources */ = {isa = PBXBuildFile; fileRef = D26B544A1BAF6C5C00C411F2 /* FamilyMemberCollectionViewController.m */; settings = {ASSET_TAGS = (); }; };
		D26B544E1BAFB0C300C411F2 /* FMViewController.m in Sources */ = {isa = PBXBuildFile; fileRef = D26B544D1BAFB0C200C411F2 /* FMViewController.m */; settings = {ASSET_TAGS = (); }; };
/* End PBXBuildFile section */

/* Begin PBXContainerItemProxy section */
		D26B542A1BAF5EED00C411F2 /* PBXContainerItemProxy */ = {
			isa = PBXContainerItemProxy;
			containerPortal = D26B54081BAF5EED00C411F2 /* Project object */;
			proxyType = 1;
			remoteGlobalIDString = D26B540F1BAF5EED00C411F2;
			remoteInfo = rm3;
		};
		D26B54351BAF5EED00C411F2 /* PBXContainerItemProxy */ = {
			isa = PBXContainerItemProxy;
			containerPortal = D26B54081BAF5EED00C411F2 /* Project object */;
			proxyType = 1;
			remoteGlobalIDString = D26B540F1BAF5EED00C411F2;
			remoteInfo = rm3;
		};
/* End PBXContainerItemProxy section */

/* Begin PBXFileReference section */
		D25C193B1BB19054003DDAA7 /* FamilyMember.h */ = {isa = PBXFileReference; fileEncoding = 4; lastKnownFileType = sourcecode.c.h; path = FamilyMember.h; sourceTree = "<group>"; };
		D25C193C1BB19054003DDAA7 /* FamilyMember.m */ = {isa = PBXFileReference; fileEncoding = 4; lastKnownFileType = sourcecode.c.objc; path = FamilyMember.m; sourceTree = "<group>"; };
		D26B54101BAF5EED00C411F2 /* rm3.app */ = {isa = PBXFileReference; explicitFileType = wrapper.application; includeInIndex = 0; path = rm3.app; sourceTree = BUILT_PRODUCTS_DIR; };
		D26B54141BAF5EED00C411F2 /* main.m */ = {isa = PBXFileReference; lastKnownFileType = sourcecode.c.objc; path = main.m; sourceTree = "<group>"; };
		D26B54161BAF5EED00C411F2 /* AppDelegate.h */ = {isa = PBXFileReference; lastKnownFileType = sourcecode.c.h; path = AppDelegate.h; sourceTree = "<group>"; };
		D26B54171BAF5EED00C411F2 /* AppDelegate.m */ = {isa = PBXFileReference; lastKnownFileType = sourcecode.c.objc; path = AppDelegate.m; sourceTree = "<group>"; };
		D26B54191BAF5EED00C411F2 /* ViewController.h */ = {isa = PBXFileReference; lastKnownFileType = sourcecode.c.h; path = ViewController.h; sourceTree = "<group>"; };
		D26B541A1BAF5EED00C411F2 /* ViewController.m */ = {isa = PBXFileReference; lastKnownFileType = sourcecode.c.objc; path = ViewController.m; sourceTree = "<group>"; };
		D26B541D1BAF5EED00C411F2 /* Base */ = {isa = PBXFileReference; lastKnownFileType = file.storyboard; name = Base; path = Base.lproj/Main.storyboard; sourceTree = "<group>"; };
		D26B541F1BAF5EED00C411F2 /* Assets.xcassets */ = {isa = PBXFileReference; lastKnownFileType = folder.assetcatalog; path = Assets.xcassets; sourceTree = "<group>"; };
		D26B54221BAF5EED00C411F2 /* Base */ = {isa = PBXFileReference; lastKnownFileType = file.storyboard; name = Base; path = Base.lproj/LaunchScreen.storyboard; sourceTree = "<group>"; };
		D26B54241BAF5EED00C411F2 /* Info.plist */ = {isa = PBXFileReference; lastKnownFileType = text.plist.xml; path = Info.plist; sourceTree = "<group>"; };
		D26B54291BAF5EED00C411F2 /* rm3Tests.xctest */ = {isa = PBXFileReference; explicitFileType = wrapper.cfbundle; includeInIndex = 0; path = rm3Tests.xctest; sourceTree = BUILT_PRODUCTS_DIR; };
		D26B542D1BAF5EED00C411F2 /* rm3Tests.m */ = {isa = PBXFileReference; lastKnownFileType = sourcecode.c.objc; path = rm3Tests.m; sourceTree = "<group>"; };
		D26B542F1BAF5EED00C411F2 /* Info.plist */ = {isa = PBXFileReference; lastKnownFileType = text.plist.xml; path = Info.plist; sourceTree = "<group>"; };
		D26B54341BAF5EED00C411F2 /* rm3UITests.xctest */ = {isa = PBXFileReference; explicitFileType = wrapper.cfbundle; includeInIndex = 0; path = rm3UITests.xctest; sourceTree = BUILT_PRODUCTS_DIR; };
		D26B54381BAF5EED00C411F2 /* rm3UITests.m */ = {isa = PBXFileReference; lastKnownFileType = sourcecode.c.objc; path = rm3UITests.m; sourceTree = "<group>"; };
		D26B543A1BAF5EED00C411F2 /* Info.plist */ = {isa = PBXFileReference; lastKnownFileType = text.plist.xml; path = Info.plist; sourceTree = "<group>"; };
		D26B54461BAF6BE400C411F2 /* FamilyMemberCollectionViewCell.h */ = {isa = PBXFileReference; fileEncoding = 4; lastKnownFileType = sourcecode.c.h; path = FamilyMemberCollectionViewCell.h; sourceTree = "<group>"; };
		D26B54471BAF6BE400C411F2 /* FamilyMemberCollectionViewCell.m */ = {isa = PBXFileReference; fileEncoding = 4; lastKnownFileType = sourcecode.c.objc; path = FamilyMemberCollectionViewCell.m; sourceTree = "<group>"; };
		D26B54491BAF6C5C00C411F2 /* FamilyMemberCollectionViewController.h */ = {isa = PBXFileReference; fileEncoding = 4; lastKnownFileType = sourcecode.c.h; path = FamilyMemberCollectionViewController.h; sourceTree = "<group>"; };
		D26B544A1BAF6C5C00C411F2 /* FamilyMemberCollectionViewController.m */ = {isa = PBXFileReference; fileEncoding = 4; lastKnownFileType = sourcecode.c.objc; path = FamilyMemberCollectionViewController.m; sourceTree = "<group>"; };
		D26B544C1BAFB0C200C411F2 /* FMViewController.h */ = {isa = PBXFileReference; fileEncoding = 4; lastKnownFileType = sourcecode.c.h; path = FMViewController.h; sourceTree = "<group>"; };
		D26B544D1BAFB0C200C411F2 /* FMViewController.m */ = {isa = PBXFileReference; fileEncoding = 4; lastKnownFileType = sourcecode.c.objc; path = FMViewController.m; sourceTree = "<group>"; };
/* End PBXFileReference section */

/* Begin PBXFrameworksBuildPhase section */
		D26B540D1BAF5EED00C411F2 /* Frameworks */ = {
			isa = PBXFrameworksBuildPhase;
			buildActionMask = 2147483647;
			files = (
			);
			runOnlyForDeploymentPostprocessing = 0;
		};
		D26B54261BAF5EED00C411F2 /* Frameworks */ = {
			isa = PBXFrameworksBuildPhase;
			buildActionMask = 2147483647;
			files = (
			);
			runOnlyForDeploymentPostprocessing = 0;
		};
		D26B54311BAF5EED00C411F2 /* Frameworks */ = {
			isa = PBXFrameworksBuildPhase;
			buildActionMask = 2147483647;
			files = (
			);
			runOnlyForDeploymentPostprocessing = 0;
		};
/* End PBXFrameworksBuildPhase section */

/* Begin PBXGroup section */
		D26B54071BAF5EED00C411F2 = {
			isa = PBXGroup;
			children = (
				D26B54121BAF5EED00C411F2 /* rm3 */,
				D26B542C1BAF5EED00C411F2 /* rm3Tests */,
				D26B54371BAF5EED00C411F2 /* rm3UITests */,
				D26B54111BAF5EED00C411F2 /* Products */,
			);
			sourceTree = "<group>";
		};
		D26B54111BAF5EED00C411F2 /* Products */ = {
			isa = PBXGroup;
			children = (
				D26B54101BAF5EED00C411F2 /* rm3.app */,
				D26B54291BAF5EED00C411F2 /* rm3Tests.xctest */,
				D26B54341BAF5EED00C411F2 /* rm3UITests.xctest */,
			);
			name = Products;
			sourceTree = "<group>";
		};
		D26B54121BAF5EED00C411F2 /* rm3 */ = {
			isa = PBXGroup;
			children = (
				D26B54161BAF5EED00C411F2 /* AppDelegate.h */,
				D26B54171BAF5EED00C411F2 /* AppDelegate.m */,
				D26B54191BAF5EED00C411F2 /* ViewController.h */,
				D26B541A1BAF5EED00C411F2 /* ViewController.m */,
				D26B541C1BAF5EED00C411F2 /* Main.storyboard */,
				D26B541F1BAF5EED00C411F2 /* Assets.xcassets */,
				D26B54211BAF5EED00C411F2 /* LaunchScreen.storyboard */,
				D26B54241BAF5EED00C411F2 /* Info.plist */,
				D26B54131BAF5EED00C411F2 /* Supporting Files */,
				D26B54461BAF6BE400C411F2 /* FamilyMemberCollectionViewCell.h */,
				D26B54471BAF6BE400C411F2 /* FamilyMemberCollectionViewCell.m */,
				D26B54491BAF6C5C00C411F2 /* FamilyMemberCollectionViewController.h */,
				D26B544A1BAF6C5C00C411F2 /* FamilyMemberCollectionViewController.m */,
				D26B544C1BAFB0C200C411F2 /* FMViewController.h */,
				D26B544D1BAFB0C200C411F2 /* FMViewController.m */,
				D25C193B1BB19054003DDAA7 /* FamilyMember.h */,
				D25C193C1BB19054003DDAA7 /* FamilyMember.m */,
			);
			path = rm3;
			sourceTree = "<group>";
		};
		D26B54131BAF5EED00C411F2 /* Supporting Files */ = {
			isa = PBXGroup;
			children = (
				D26B54141BAF5EED00C411F2 /* main.m */,
			);
			name = "Supporting Files";
			sourceTree = "<group>";
		};
		D26B542C1BAF5EED00C411F2 /* rm3Tests */ = {
			isa = PBXGroup;
			children = (
				D26B542D1BAF5EED00C411F2 /* rm3Tests.m */,
				D26B542F1BAF5EED00C411F2 /* Info.plist */,
			);
			path = rm3Tests;
			sourceTree = "<group>";
		};
		D26B54371BAF5EED00C411F2 /* rm3UITests */ = {
			isa = PBXGroup;
			children = (
				D26B54381BAF5EED00C411F2 /* rm3UITests.m */,
				D26B543A1BAF5EED00C411F2 /* Info.plist */,
			);
			path = rm3UITests;
			sourceTree = "<group>";
		};
/* End PBXGroup section */

/* Begin PBXNativeTarget section */
		D26B540F1BAF5EED00C411F2 /* rm3 */ = {
			isa = PBXNativeTarget;
			buildConfigurationList = D26B543D1BAF5EED00C411F2 /* Build configuration list for PBXNativeTarget "rm3" */;
			buildPhases = (
				D26B540C1BAF5EED00C411F2 /* Sources */,
				D26B540D1BAF5EED00C411F2 /* Frameworks */,
				D26B540E1BAF5EED00C411F2 /* Resources */,
			);
			buildRules = (
			);
			dependencies = (
			);
			name = rm3;
			productName = rm3;
			productReference = D26B54101BAF5EED00C411F2 /* rm3.app */;
			productType = "com.apple.product-type.application";
		};
		D26B54281BAF5EED00C411F2 /* rm3Tests */ = {
			isa = PBXNativeTarget;
			buildConfigurationList = D26B54401BAF5EED00C411F2 /* Build configuration list for PBXNativeTarget "rm3Tests" */;
			buildPhases = (
				D26B54251BAF5EED00C411F2 /* Sources */,
				D26B54261BAF5EED00C411F2 /* Frameworks */,
				D26B54271BAF5EED00C411F2 /* Resources */,
			);
			buildRules = (
			);
			dependencies = (
				D26B542B1BAF5EED00C411F2 /* PBXTargetDependency */,
			);
			name = rm3Tests;
			productName = rm3Tests;
			productReference = D26B54291BAF5EED00C411F2 /* rm3Tests.xctest */;
			productType = "com.apple.product-type.bundle.unit-test";
		};
		D26B54331BAF5EED00C411F2 /* rm3UITests */ = {
			isa = PBXNativeTarget;
			buildConfigurationList = D26B54431BAF5EED00C411F2 /* Build configuration list for PBXNativeTarget "rm3UITests" */;
			buildPhases = (
				D26B54301BAF5EED00C411F2 /* Sources */,
				D26B54311BAF5EED00C411F2 /* Frameworks */,
				D26B54321BAF5EED00C411F2 /* Resources */,
			);
			buildRules = (
			);
			dependencies = (
				D26B54361BAF5EED00C411F2 /* PBXTargetDependency */,
			);
			name = rm3UITests;
			productName = rm3UITests;
			productReference = D26B54341BAF5EED00C411F2 /* rm3UITests.xctest */;
			productType = "com.apple.product-type.bundle.ui-testing";
		};
/* End PBXNativeTarget section */

/* Begin PBXProject section */
		D26B54081BAF5EED00C411F2 /* Project object */ = {
			isa = PBXProject;
			attributes = {
				LastUpgradeCheck = 0700;
				ORGANIZATIONNAME = ech;
				TargetAttributes = {
					D26B540F1BAF5EED00C411F2 = {
						CreatedOnToolsVersion = 7.0;
					};
					D26B54281BAF5EED00C411F2 = {
						CreatedOnToolsVersion = 7.0;
						TestTargetID = D26B540F1BAF5EED00C411F2;
					};
					D26B54331BAF5EED00C411F2 = {
						CreatedOnToolsVersion = 7.0;
						TestTargetID = D26B540F1BAF5EED00C411F2;
					};
				};
			};
			buildConfigurationList = D26B540B1BAF5EED00C411F2 /* Build configuration list for PBXProject "rm3" */;
			compatibilityVersion = "Xcode 3.2";
			developmentRegion = English;
			hasScannedForEncodings = 0;
			knownRegions = (
				en,
				Base,
			);
			mainGroup = D26B54071BAF5EED00C411F2;
			productRefGroup = D26B54111BAF5EED00C411F2 /* Products */;
			projectDirPath = "";
			projectRoot = "";
			targets = (
				D26B540F1BAF5EED00C411F2 /* rm3 */,
				D26B54281BAF5EED00C411F2 /* rm3Tests */,
				D26B54331BAF5EED00C411F2 /* rm3UITests */,
			);
		};
/* End PBXProject section */

/* Begin PBXResourcesBuildPhase section */
		D26B540E1BAF5EED00C411F2 /* Resources */ = {
			isa = PBXResourcesBuildPhase;
			buildActionMask = 2147483647;
			files = (
				D26B54231BAF5EED00C411F2 /* LaunchScreen.storyboard in Resources */,
				D26B54201BAF5EED00C411F2 /* Assets.xcassets in Resources */,
				D26B541E1BAF5EED00C411F2 /* Main.storyboard in Resources */,
			);
			runOnlyForDeploymentPostprocessing = 0;
		};
		D26B54271BAF5EED00C411F2 /* Resources */ = {
			isa = PBXResourcesBuildPhase;
			buildActionMask = 2147483647;
			files = (
			);
			runOnlyForDeploymentPostprocessing = 0;
		};
		D26B54321BAF5EED00C411F2 /* Resources */ = {
			isa = PBXResourcesBuildPhase;
			buildActionMask = 2147483647;
			files = (
			);
			runOnlyForDeploymentPostprocessing = 0;
		};
/* End PBXResourcesBuildPhase section */

/* Begin PBXSourcesBuildPhase section */
		D26B540C1BAF5EED00C411F2 /* Sources */ = {
			isa = PBXSourcesBuildPhase;
			buildActionMask = 2147483647;
			files = (
				D26B54481BAF6BE400C411F2 /* FamilyMemberCollectionViewCell.m in Sources */,
				D25C193D1BB19054003DDAA7 /* FamilyMember.m in Sources */,
				D26B544B1BAF6C5C00C411F2 /* FamilyMemberCollectionViewController.m in Sources */,
				D26B541B1BAF5EED00C411F2 /* ViewController.m in Sources */,
				D26B54181BAF5EED00C411F2 /* AppDelegate.m in Sources */,
				D26B54151BAF5EED00C411F2 /* main.m in Sources */,
				D26B544E1BAFB0C300C411F2 /* FMViewController.m in Sources */,
			);
			runOnlyForDeploymentPostprocessing = 0;
		};
		D26B54251BAF5EED00C411F2 /* Sources */ = {
			isa = PBXSourcesBuildPhase;
			buildActionMask = 2147483647;
			files = (
				D26B542E1BAF5EED00C411F2 /* rm3Tests.m in Sources */,
			);
			runOnlyForDeploymentPostprocessing = 0;
		};
		D26B54301BAF5EED00C411F2 /* Sources */ = {
			isa = PBXSourcesBuildPhase;
			buildActionMask = 2147483647;
			files = (
				D26B54391BAF5EED00C411F2 /* rm3UITests.m in Sources */,
			);
			runOnlyForDeploymentPostprocessing = 0;
		};
/* End PBXSourcesBuildPhase section */

/* Begin PBXTargetDependency section */
		D26B542B1BAF5EED00C411F2 /* PBXTargetDependency */ = {
			isa = PBXTargetDependency;
			target = D26B540F1BAF5EED00C411F2 /* rm3 */;
			targetProxy = D26B542A1BAF5EED00C411F2 /* PBXContainerItemProxy */;
		};
		D26B54361BAF5EED00C411F2 /* PBXTargetDependency */ = {
			isa = PBXTargetDependency;
			target = D26B540F1BAF5EED00C411F2 /* rm3 */;
			targetProxy = D26B54351BAF5EED00C411F2 /* PBXContainerItemProxy */;
		};
/* End PBXTargetDependency section */

/* Begin PBXVariantGroup section */
		D26B541C1BAF5EED00C411F2 /* Main.storyboard */ = {
			isa = PBXVariantGroup;
			children = (
				D26B541D1BAF5EED00C411F2 /* Base */,
			);
			name = Main.storyboard;
			sourceTree = "<group>";
		};
		D26B54211BAF5EED00C411F2 /* LaunchScreen.storyboard */ = {
			isa = PBXVariantGroup;
			children = (
				D26B54221BAF5EED00C411F2 /* Base */,
			);
			name = LaunchScreen.storyboard;
			sourceTree = "<group>";
		};
/* End PBXVariantGroup section */

/* Begin XCBuildConfiguration section */
		D26B543B1BAF5EED00C411F2 /* Debug */ = {
			isa = XCBuildConfiguration;
			buildSettings = {
				ALWAYS_SEARCH_USER_PATHS = NO;
				CLANG_CXX_LANGUAGE_STANDARD = "gnu++0x";
				CLANG_CXX_LIBRARY = "libc++";
				CLANG_ENABLE_MODULES = YES;
				CLANG_ENABLE_OBJC_ARC = YES;
				CLANG_WARN_BOOL_CONVERSION = YES;
				CLANG_WARN_CONSTANT_CONVERSION = YES;
				CLANG_WARN_DIRECT_OBJC_ISA_USAGE = YES_ERROR;
				CLANG_WARN_EMPTY_BODY = YES;
				CLANG_WARN_ENUM_CONVERSION = YES;
				CLANG_WARN_INT_CONVERSION = YES;
				CLANG_WARN_OBJC_ROOT_CLASS = YES_ERROR;
				CLANG_WARN_UNREACHABLE_CODE = YES;
				CLANG_WARN__DUPLICATE_METHOD_MATCH = YES;
				"CODE_SIGN_IDENTITY[sdk=iphoneos*]" = "iPhone Developer";
				COPY_PHASE_STRIP = NO;
				DEBUG_INFORMATION_FORMAT = dwarf;
				ENABLE_STRICT_OBJC_MSGSEND = YES;
				ENABLE_TESTABILITY = YES;
				GCC_C_LANGUAGE_STANDARD = gnu99;
				GCC_DYNAMIC_NO_PIC = NO;
				GCC_NO_COMMON_BLOCKS = YES;
				GCC_OPTIMIZATION_LEVEL = 0;
				GCC_PREPROCESSOR_DEFINITIONS = (
					"DEBUG=1",
					"$(inherited)",
				);
				GCC_WARN_64_TO_32_BIT_CONVERSION = YES;
				GCC_WARN_ABOUT_RETURN_TYPE = YES_ERROR;
				GCC_WARN_UNDECLARED_SELECTOR = YES;
				GCC_WARN_UNINITIALIZED_AUTOS = YES_AGGRESSIVE;
				GCC_WARN_UNUSED_FUNCTION = YES;
				GCC_WARN_UNUSED_VARIABLE = YES;
				IPHONEOS_DEPLOYMENT_TARGET = 9.0;
				MTL_ENABLE_DEBUG_INFO = YES;
				ONLY_ACTIVE_ARCH = YES;
				SDKROOT = iphoneos;
			};
			name = Debug;
		};
		D26B543C1BAF5EED00C411F2 /* Release */ = {
			isa = XCBuildConfiguration;
			buildSettings = {
				ALWAYS_SEARCH_USER_PATHS = NO;
				CLANG_CXX_LANGUAGE_STANDARD = "gnu++0x";
				CLANG_CXX_LIBRARY = "libc++";
				CLANG_ENABLE_MODULES = YES;
				CLANG_ENABLE_OBJC_ARC = YES;
				CLANG_WARN_BOOL_CONVERSION = YES;
				CLANG_WARN_CONSTANT_CONVERSION = YES;
				CLANG_WARN_DIRECT_OBJC_ISA_USAGE = YES_ERROR;
				CLANG_WARN_EMPTY_BODY = YES;
				CLANG_WARN_ENUM_CONVERSION = YES;
				CLANG_WARN_INT_CONVERSION = YES;
				CLANG_WARN_OBJC_ROOT_CLASS = YES_ERROR;
				CLANG_WARN_UNREACHABLE_CODE = YES;
				CLANG_WARN__DUPLICATE_METHOD_MATCH = YES;
				"CODE_SIGN_IDENTITY[sdk=iphoneos*]" = "iPhone Developer";
				COPY_PHASE_STRIP = NO;
				DEBUG_INFORMATION_FORMAT = "dwarf-with-dsym";
				ENABLE_NS_ASSERTIONS = NO;
				ENABLE_STRICT_OBJC_MSGSEND = YES;
				GCC_C_LANGUAGE_STANDARD = gnu99;
				GCC_NO_COMMON_BLOCKS = YES;
				GCC_WARN_64_TO_32_BIT_CONVERSION = YES;
				GCC_WARN_ABOUT_RETURN_TYPE = YES_ERROR;
				GCC_WARN_UNDECLARED_SELECTOR = YES;
				GCC_WARN_UNINITIALIZED_AUTOS = YES_AGGRESSIVE;
				GCC_WARN_UNUSED_FUNCTION = YES;
				GCC_WARN_UNUSED_VARIABLE = YES;
				IPHONEOS_DEPLOYMENT_TARGET = 9.0;
				MTL_ENABLE_DEBUG_INFO = NO;
				SDKROOT = iphoneos;
				VALIDATE_PRODUCT = YES;
			};
			name = Release;
		};
		D26B543E1BAF5EED00C411F2 /* Debug */ = {
			isa = XCBuildConfiguration;
			buildSettings = {
				ASSETCATALOG_COMPILER_APPICON_NAME = AppIcon;
				INFOPLIST_FILE = rm3/Info.plist;
				LD_RUNPATH_SEARCH_PATHS = "$(inherited) @executable_path/Frameworks";
				PRODUCT_BUNDLE_IDENTIFIER = com.ech.rm3;
				PRODUCT_NAME = "$(TARGET_NAME)";
			};
			name = Debug;
		};
		D26B543F1BAF5EED00C411F2 /* Release */ = {
			isa = XCBuildConfiguration;
			buildSettings = {
				ASSETCATALOG_COMPILER_APPICON_NAME = AppIcon;
				INFOPLIST_FILE = rm3/Info.plist;
				LD_RUNPATH_SEARCH_PATHS = "$(inherited) @executable_path/Frameworks";
				PRODUCT_BUNDLE_IDENTIFIER = com.ech.rm3;
				PRODUCT_NAME = "$(TARGET_NAME)";
			};
			name = Release;
		};
		D26B54411BAF5EED00C411F2 /* Debug */ = {
			isa = XCBuildConfiguration;
			buildSettings = {
				BUNDLE_LOADER = "$(TEST_HOST)";
				INFOPLIST_FILE = rm3Tests/Info.plist;
				LD_RUNPATH_SEARCH_PATHS = "$(inherited) @executable_path/Frameworks @loader_path/Frameworks";
				PRODUCT_BUNDLE_IDENTIFIER = com.ech.rm3Tests;
				PRODUCT_NAME = "$(TARGET_NAME)";
				TEST_HOST = "$(BUILT_PRODUCTS_DIR)/rm3.app/rm3";
			};
			name = Debug;
		};
		D26B54421BAF5EED00C411F2 /* Release */ = {
			isa = XCBuildConfiguration;
			buildSettings = {
				BUNDLE_LOADER = "$(TEST_HOST)";
				INFOPLIST_FILE = rm3Tests/Info.plist;
				LD_RUNPATH_SEARCH_PATHS = "$(inherited) @executable_path/Frameworks @loader_path/Frameworks";
				PRODUCT_BUNDLE_IDENTIFIER = com.ech.rm3Tests;
				PRODUCT_NAME = "$(TARGET_NAME)";
				TEST_HOST = "$(BUILT_PRODUCTS_DIR)/rm3.app/rm3";
			};
			name = Release;
		};
		D26B54441BAF5EED00C411F2 /* Debug */ = {
			isa = XCBuildConfiguration;
			buildSettings = {
				INFOPLIST_FILE = rm3UITests/Info.plist;
				LD_RUNPATH_SEARCH_PATHS = "$(inherited) @executable_path/Frameworks @loader_path/Frameworks";
				PRODUCT_BUNDLE_IDENTIFIER = com.ech.rm3UITests;
				PRODUCT_NAME = "$(TARGET_NAME)";
				TEST_TARGET_NAME = rm3;
				USES_XCTRUNNER = YES;
			};
			name = Debug;
		};
		D26B54451BAF5EED00C411F2 /* Release */ = {
			isa = XCBuildConfiguration;
			buildSettings = {
				INFOPLIST_FILE = rm3UITests/Info.plist;
				LD_RUNPATH_SEARCH_PATHS = "$(inherited) @executable_path/Frameworks @loader_path/Frameworks";
				PRODUCT_BUNDLE_IDENTIFIER = com.ech.rm3UITests;
				PRODUCT_NAME = "$(TARGET_NAME)";
				TEST_TARGET_NAME = rm3;
				USES_XCTRUNNER = YES;
			};
			name = Release;
		};
/* End XCBuildConfiguration section */

/* Begin XCConfigurationList section */
		D26B540B1BAF5EED00C411F2 /* Build configuration list for PBXProject "rm3" */ = {
			isa = XCConfigurationList;
			buildConfigurations = (
				D26B543B1BAF5EED00C411F2 /* Debug */,
				D26B543C1BAF5EED00C411F2 /* Release */,
			);
			defaultConfigurationIsVisible = 0;
			defaultConfigurationName = Release;
		};
		D26B543D1BAF5EED00C411F2 /* Build configuration list for PBXNativeTarget "rm3" */ = {
			isa = XCConfigurationList;
			buildConfigurations = (
				D26B543E1BAF5EED00C411F2 /* Debug */,
				D26B543F1BAF5EED00C411F2 /* Release */,
			);
			defaultConfigurationIsVisible = 0;
			defaultConfigurationName = Release;
		};
		D26B54401BAF5EED00C411F2 /* Build configuration list for PBXNativeTarget "rm3Tests" */ = {
			isa = XCConfigurationList;
			buildConfigurations = (
				D26B54411BAF5EED00C411F2 /* Debug */,
				D26B54421BAF5EED00C411F2 /* Release */,
			);
			defaultConfigurationIsVisible = 0;
			defaultConfigurationName = Release;
		};
		D26B54431BAF5EED00C411F2 /* Build configuration list for PBXNativeTarget "rm3UITests" */ = {
			isa = XCConfigurationList;
			buildConfigurations = (
				D26B54441BAF5EED00C411F2 /* Debug */,
				D26B54451BAF5EED00C411F2 /* Release */,
			);
			defaultConfigurationIsVisible = 0;
			defaultConfigurationName = Release;
		};
/* End XCConfigurationList section */
	};
	rootObject = D26B54081BAF5EED00C411F2 /* Project object */;
}
