// !$*UTF8*$!
{
	archiveVersion = 1;
	classes = {
	};
	objectVersion = 46;
	objects = {

/* Begin PBXBuildFile section */
		D230D23B1BA3D6EB005EB4FC /* main.m in Sources */ = {isa = PBXBuildFile; fileRef = D230D23A1BA3D6EB005EB4FC /* main.m */; };
		D230D23E1BA3D6EB005EB4FC /* AppDelegate.m in Sources */ = {isa = PBXBuildFile; fileRef = D230D23D1BA3D6EB005EB4FC /* AppDelegate.m */; };
		D230D2441BA3D6EB005EB4FC /* Main.storyboard in Resources */ = {isa = PBXBuildFile; fileRef = D230D2421BA3D6EB005EB4FC /* Main.storyboard */; };
		D230D2461BA3D6EB005EB4FC /* Images.xcassets in Resources */ = {isa = PBXBuildFile; fileRef = D230D2451BA3D6EB005EB4FC /* Images.xcassets */; };
		D230D2491BA3D6EB005EB4FC /* LaunchScreen.xib in Resources */ = {isa = PBXBuildFile; fileRef = D230D2471BA3D6EB005EB4FC /* LaunchScreen.xib */; };
		D230D2551BA3D6EB005EB4FC /* ToDoListTests.m in Sources */ = {isa = PBXBuildFile; fileRef = D230D2541BA3D6EB005EB4FC /* ToDoListTests.m */; };
		D24B955A1BA75A9D00D67955 /* AddToDoItemViewController.m in Sources */ = {isa = PBXBuildFile; fileRef = D24B95591BA75A9D00D67955 /* AddToDoItemViewController.m */; };
		D24B955D1BA75BB500D67955 /* ToDoListTableViewController.m in Sources */ = {isa = PBXBuildFile; fileRef = D24B955C1BA75BB500D67955 /* ToDoListTableViewController.m */; };
/* End PBXBuildFile section */

/* Begin PBXContainerItemProxy section */
		D230D24F1BA3D6EB005EB4FC /* PBXContainerItemProxy */ = {
			isa = PBXContainerItemProxy;
			containerPortal = D230D22D1BA3D6EB005EB4FC /* Project object */;
			proxyType = 1;
			remoteGlobalIDString = D230D2341BA3D6EB005EB4FC;
			remoteInfo = ToDoList;
		};
/* End PBXContainerItemProxy section */

/* Begin PBXFileReference section */
		D230D2351BA3D6EB005EB4FC /* ToDoList.app */ = {isa = PBXFileReference; explicitFileType = wrapper.application; includeInIndex = 0; path = ToDoList.app; sourceTree = BUILT_PRODUCTS_DIR; };
		D230D2391BA3D6EB005EB4FC /* Info.plist */ = {isa = PBXFileReference; lastKnownFileType = text.plist.xml; path = Info.plist; sourceTree = "<group>"; };
		D230D23A1BA3D6EB005EB4FC /* main.m */ = {isa = PBXFileReference; lastKnownFileType = sourcecode.c.objc; path = main.m; sourceTree = "<group>"; };
		D230D23C1BA3D6EB005EB4FC /* AppDelegate.h */ = {isa = PBXFileReference; lastKnownFileType = sourcecode.c.h; path = AppDelegate.h; sourceTree = "<group>"; };
		D230D23D1BA3D6EB005EB4FC /* AppDelegate.m */ = {isa = PBXFileReference; lastKnownFileType = sourcecode.c.objc; path = AppDelegate.m; sourceTree = "<group>"; };
		D230D2431BA3D6EB005EB4FC /* Base */ = {isa = PBXFileReference; lastKnownFileType = file.storyboard; name = Base; path = Base.lproj/Main.storyboard; sourceTree = "<group>"; };
		D230D2451BA3D6EB005EB4FC /* Images.xcassets */ = {isa = PBXFileReference; lastKnownFileType = folder.assetcatalog; path = Images.xcassets; sourceTree = "<group>"; };
		D230D2481BA3D6EB005EB4FC /* Base */ = {isa = PBXFileReference; lastKnownFileType = file.xib; name = Base; path = Base.lproj/LaunchScreen.xib; sourceTree = "<group>"; };
		D230D24E1BA3D6EB005EB4FC /* ToDoListTests.xctest */ = {isa = PBXFileReference; explicitFileType = wrapper.cfbundle; includeInIndex = 0; path = ToDoListTests.xctest; sourceTree = BUILT_PRODUCTS_DIR; };
		D230D2531BA3D6EB005EB4FC /* Info.plist */ = {isa = PBXFileReference; lastKnownFileType = text.plist.xml; path = Info.plist; sourceTree = "<group>"; };
		D230D2541BA3D6EB005EB4FC /* ToDoListTests.m */ = {isa = PBXFileReference; lastKnownFileType = sourcecode.c.objc; path = ToDoListTests.m; sourceTree = "<group>"; };
		D24B95581BA75A9D00D67955 /* AddToDoItemViewController.h */ = {isa = PBXFileReference; fileEncoding = 4; lastKnownFileType = sourcecode.c.h; path = AddToDoItemViewController.h; sourceTree = "<group>"; };
		D24B95591BA75A9D00D67955 /* AddToDoItemViewController.m */ = {isa = PBXFileReference; fileEncoding = 4; lastKnownFileType = sourcecode.c.objc; path = AddToDoItemViewController.m; sourceTree = "<group>"; };
		D24B955B1BA75BB500D67955 /* ToDoListTableViewController.h */ = {isa = PBXFileReference; fileEncoding = 4; lastKnownFileType = sourcecode.c.h; path = ToDoListTableViewController.h; sourceTree = "<group>"; };
		D24B955C1BA75BB500D67955 /* ToDoListTableViewController.m */ = {isa = PBXFileReference; fileEncoding = 4; lastKnownFileType = sourcecode.c.objc; path = ToDoListTableViewController.m; sourceTree = "<group>"; };
/* End PBXFileReference section */

/* Begin PBXFrameworksBuildPhase section */
		D230D2321BA3D6EB005EB4FC /* Frameworks */ = {
			isa = PBXFrameworksBuildPhase;
			buildActionMask = 2147483647;
			files = (
			);
			runOnlyForDeploymentPostprocessing = 0;
		};
		D230D24B1BA3D6EB005EB4FC /* Frameworks */ = {
			isa = PBXFrameworksBuildPhase;
			buildActionMask = 2147483647;
			files = (
			);
			runOnlyForDeploymentPostprocessing = 0;
		};
/* End PBXFrameworksBuildPhase section */

/* Begin PBXGroup section */
		D230D22C1BA3D6EB005EB4FC = {
			isa = PBXGroup;
			children = (
				D24B95581BA75A9D00D67955 /* AddToDoItemViewController.h */,
				D24B95591BA75A9D00D67955 /* AddToDoItemViewController.m */,
				D230D2371BA3D6EB005EB4FC /* ToDoList */,
				D230D2511BA3D6EB005EB4FC /* ToDoListTests */,
				D230D2361BA3D6EB005EB4FC /* Products */,
			);
			sourceTree = "<group>";
		};
		D230D2361BA3D6EB005EB4FC /* Products */ = {
			isa = PBXGroup;
			children = (
				D230D2351BA3D6EB005EB4FC /* ToDoList.app */,
				D230D24E1BA3D6EB005EB4FC /* ToDoListTests.xctest */,
			);
			name = Products;
			sourceTree = "<group>";
		};
		D230D2371BA3D6EB005EB4FC /* ToDoList */ = {
			isa = PBXGroup;
			children = (
				D230D23C1BA3D6EB005EB4FC /* AppDelegate.h */,
				D230D23D1BA3D6EB005EB4FC /* AppDelegate.m */,
				D230D2421BA3D6EB005EB4FC /* Main.storyboard */,
				D24B955B1BA75BB500D67955 /* ToDoListTableViewController.h */,
				D24B955C1BA75BB500D67955 /* ToDoListTableViewController.m */,
				D230D2451BA3D6EB005EB4FC /* Images.xcassets */,
				D230D2471BA3D6EB005EB4FC /* LaunchScreen.xib */,
				D230D2381BA3D6EB005EB4FC /* Supporting Files */,
			);
			path = ToDoList;
			sourceTree = "<group>";
		};
		D230D2381BA3D6EB005EB4FC /* Supporting Files */ = {
			isa = PBXGroup;
			children = (
				D230D2391BA3D6EB005EB4FC /* Info.plist */,
				D230D23A1BA3D6EB005EB4FC /* main.m */,
			);
			name = "Supporting Files";
			sourceTree = "<group>";
		};
		D230D2511BA3D6EB005EB4FC /* ToDoListTests */ = {
			isa = PBXGroup;
			children = (
				D230D2541BA3D6EB005EB4FC /* ToDoListTests.m */,
				D230D2521BA3D6EB005EB4FC /* Supporting Files */,
			);
			path = ToDoListTests;
			sourceTree = "<group>";
		};
		D230D2521BA3D6EB005EB4FC /* Supporting Files */ = {
			isa = PBXGroup;
			children = (
				D230D2531BA3D6EB005EB4FC /* Info.plist */,
			);
			name = "Supporting Files";
			sourceTree = "<group>";
		};
/* End PBXGroup section */

/* Begin PBXNativeTarget section */
		D230D2341BA3D6EB005EB4FC /* ToDoList */ = {
			isa = PBXNativeTarget;
			buildConfigurationList = D230D2581BA3D6EB005EB4FC /* Build configuration list for PBXNativeTarget "ToDoList" */;
			buildPhases = (
				D230D2311BA3D6EB005EB4FC /* Sources */,
				D230D2321BA3D6EB005EB4FC /* Frameworks */,
				D230D2331BA3D6EB005EB4FC /* Resources */,
			);
			buildRules = (
			);
			dependencies = (
			);
			name = ToDoList;
			productName = ToDoList;
			productReference = D230D2351BA3D6EB005EB4FC /* ToDoList.app */;
			productType = "com.apple.product-type.application";
		};
		D230D24D1BA3D6EB005EB4FC /* ToDoListTests */ = {
			isa = PBXNativeTarget;
			buildConfigurationList = D230D25B1BA3D6EB005EB4FC /* Build configuration list for PBXNativeTarget "ToDoListTests" */;
			buildPhases = (
				D230D24A1BA3D6EB005EB4FC /* Sources */,
				D230D24B1BA3D6EB005EB4FC /* Frameworks */,
				D230D24C1BA3D6EB005EB4FC /* Resources */,
			);
			buildRules = (
			);
			dependencies = (
				D230D2501BA3D6EB005EB4FC /* PBXTargetDependency */,
			);
			name = ToDoListTests;
			productName = ToDoListTests;
			productReference = D230D24E1BA3D6EB005EB4FC /* ToDoListTests.xctest */;
			productType = "com.apple.product-type.bundle.unit-test";
		};
/* End PBXNativeTarget section */

/* Begin PBXProject section */
		D230D22D1BA3D6EB005EB4FC /* Project object */ = {
			isa = PBXProject;
			attributes = {
				LastUpgradeCheck = 0640;
				ORGANIZATIONNAME = ech;
				TargetAttributes = {
					D230D2341BA3D6EB005EB4FC = {
						CreatedOnToolsVersion = 6.4;
					};
					D230D24D1BA3D6EB005EB4FC = {
						CreatedOnToolsVersion = 6.4;
						TestTargetID = D230D2341BA3D6EB005EB4FC;
					};
				};
			};
			buildConfigurationList = D230D2301BA3D6EB005EB4FC /* Build configuration list for PBXProject "ToDoList" */;
			compatibilityVersion = "Xcode 3.2";
			developmentRegion = English;
			hasScannedForEncodings = 0;
			knownRegions = (
				en,
				Base,
			);
			mainGroup = D230D22C1BA3D6EB005EB4FC;
			productRefGroup = D230D2361BA3D6EB005EB4FC /* Products */;
			projectDirPath = "";
			projectRoot = "";
			targets = (
				D230D2341BA3D6EB005EB4FC /* ToDoList */,
				D230D24D1BA3D6EB005EB4FC /* ToDoListTests */,
			);
		};
/* End PBXProject section */

/* Begin PBXResourcesBuildPhase section */
		D230D2331BA3D6EB005EB4FC /* Resources */ = {
			isa = PBXResourcesBuildPhase;
			buildActionMask = 2147483647;
			files = (
				D230D2441BA3D6EB005EB4FC /* Main.storyboard in Resources */,
				D230D2491BA3D6EB005EB4FC /* LaunchScreen.xib in Resources */,
				D230D2461BA3D6EB005EB4FC /* Images.xcassets in Resources */,
			);
			runOnlyForDeploymentPostprocessing = 0;
		};
		D230D24C1BA3D6EB005EB4FC /* Resources */ = {
			isa = PBXResourcesBuildPhase;
			buildActionMask = 2147483647;
			files = (
			);
			runOnlyForDeploymentPostprocessing = 0;
		};
/* End PBXResourcesBuildPhase section */

/* Begin PBXSourcesBuildPhase section */
		D230D2311BA3D6EB005EB4FC /* Sources */ = {
			isa = PBXSourcesBuildPhase;
			buildActionMask = 2147483647;
			files = (
				D230D23E1BA3D6EB005EB4FC /* AppDelegate.m in Sources */,
				D24B955D1BA75BB500D67955 /* ToDoListTableViewController.m in Sources */,
				D230D23B1BA3D6EB005EB4FC /* main.m in Sources */,
				D24B955A1BA75A9D00D67955 /* AddToDoItemViewController.m in Sources */,
			);
			runOnlyForDeploymentPostprocessing = 0;
		};
		D230D24A1BA3D6EB005EB4FC /* Sources */ = {
			isa = PBXSourcesBuildPhase;
			buildActionMask = 2147483647;
			files = (
				D230D2551BA3D6EB005EB4FC /* ToDoListTests.m in Sources */,
			);
			runOnlyForDeploymentPostprocessing = 0;
		};
/* End PBXSourcesBuildPhase section */

/* Begin PBXTargetDependency section */
		D230D2501BA3D6EB005EB4FC /* PBXTargetDependency */ = {
			isa = PBXTargetDependency;
			target = D230D2341BA3D6EB005EB4FC /* ToDoList */;
			targetProxy = D230D24F1BA3D6EB005EB4FC /* PBXContainerItemProxy */;
		};
/* End PBXTargetDependency section */

/* Begin PBXVariantGroup section */
		D230D2421BA3D6EB005EB4FC /* Main.storyboard */ = {
			isa = PBXVariantGroup;
			children = (
				D230D2431BA3D6EB005EB4FC /* Base */,
			);
			name = Main.storyboard;
			sourceTree = "<group>";
		};
		D230D2471BA3D6EB005EB4FC /* LaunchScreen.xib */ = {
			isa = PBXVariantGroup;
			children = (
				D230D2481BA3D6EB005EB4FC /* Base */,
			);
			name = LaunchScreen.xib;
			sourceTree = "<group>";
		};
/* End PBXVariantGroup section */

/* Begin XCBuildConfiguration section */
		D230D2561BA3D6EB005EB4FC /* Debug */ = {
			isa = XCBuildConfiguration;
			buildSettings = {
				ALWAYS_SEARCH_USER_PATHS = NO;
				CLANG_CXX_LANGUAGE_STANDARD = "gnu++0x";
				CLANG_CXX_LIBRARY = "libc++";
				CLANG_ENABLE_MODULES = YES;
				CLANG_ENABLE_OBJC_ARC = YES;
				CLANG_WARN_BOOL_CONVERSION = YES;
				CLANG_WARN_CONSTANT_CONVERSION = YES;
				CLANG_WARN_DIRECT_OBJC_ISA_USAGE = YES_ERROR;
				CLANG_WARN_EMPTY_BODY = YES;
				CLANG_WARN_ENUM_CONVERSION = YES;
				CLANG_WARN_INT_CONVERSION = YES;
				CLANG_WARN_OBJC_ROOT_CLASS = YES_ERROR;
				CLANG_WARN_UNREACHABLE_CODE = YES;
				CLANG_WARN__DUPLICATE_METHOD_MATCH = YES;
				"CODE_SIGN_IDENTITY[sdk=iphoneos*]" = "iPhone Developer";
				COPY_PHASE_STRIP = NO;
				DEBUG_INFORMATION_FORMAT = "dwarf-with-dsym";
				ENABLE_STRICT_OBJC_MSGSEND = YES;
				GCC_C_LANGUAGE_STANDARD = gnu99;
				GCC_DYNAMIC_NO_PIC = NO;
				GCC_NO_COMMON_BLOCKS = YES;
				GCC_OPTIMIZATION_LEVEL = 0;
				GCC_PREPROCESSOR_DEFINITIONS = (
					"DEBUG=1",
					"$(inherited)",
				);
				GCC_SYMBOLS_PRIVATE_EXTERN = NO;
				GCC_WARN_64_TO_32_BIT_CONVERSION = YES;
				GCC_WARN_ABOUT_RETURN_TYPE = YES_ERROR;
				GCC_WARN_UNDECLARED_SELECTOR = YES;
				GCC_WARN_UNINITIALIZED_AUTOS = YES_AGGRESSIVE;
				GCC_WARN_UNUSED_FUNCTION = YES;
				GCC_WARN_UNUSED_VARIABLE = YES;
				IPHONEOS_DEPLOYMENT_TARGET = 8.4;
				MTL_ENABLE_DEBUG_INFO = YES;
				ONLY_ACTIVE_ARCH = YES;
				SDKROOT = iphoneos;
			};
			name = Debug;
		};
		D230D2571BA3D6EB005EB4FC /* Release */ = {
			isa = XCBuildConfiguration;
			buildSettings = {
				ALWAYS_SEARCH_USER_PATHS = NO;
				CLANG_CXX_LANGUAGE_STANDARD = "gnu++0x";
				CLANG_CXX_LIBRARY = "libc++";
				CLANG_ENABLE_MODULES = YES;
				CLANG_ENABLE_OBJC_ARC = YES;
				CLANG_WARN_BOOL_CONVERSION = YES;
				CLANG_WARN_CONSTANT_CONVERSION = YES;
				CLANG_WARN_DIRECT_OBJC_ISA_USAGE = YES_ERROR;
				CLANG_WARN_EMPTY_BODY = YES;
				CLANG_WARN_ENUM_CONVERSION = YES;
				CLANG_WARN_INT_CONVERSION = YES;
				CLANG_WARN_OBJC_ROOT_CLASS = YES_ERROR;
				CLANG_WARN_UNREACHABLE_CODE = YES;
				CLANG_WARN__DUPLICATE_METHOD_MATCH = YES;
				"CODE_SIGN_IDENTITY[sdk=iphoneos*]" = "iPhone Developer";
				COPY_PHASE_STRIP = NO;
				DEBUG_INFORMATION_FORMAT = "dwarf-with-dsym";
				ENABLE_NS_ASSERTIONS = NO;
				ENABLE_STRICT_OBJC_MSGSEND = YES;
				GCC_C_LANGUAGE_STANDARD = gnu99;
				GCC_NO_COMMON_BLOCKS = YES;
				GCC_WARN_64_TO_32_BIT_CONVERSION = YES;
				GCC_WARN_ABOUT_RETURN_TYPE = YES_ERROR;
				GCC_WARN_UNDECLARED_SELECTOR = YES;
				GCC_WARN_UNINITIALIZED_AUTOS = YES_AGGRESSIVE;
				GCC_WARN_UNUSED_FUNCTION = YES;
				GCC_WARN_UNUSED_VARIABLE = YES;
				IPHONEOS_DEPLOYMENT_TARGET = 8.4;
				MTL_ENABLE_DEBUG_INFO = NO;
				SDKROOT = iphoneos;
				VALIDATE_PRODUCT = YES;
			};
			name = Release;
		};
		D230D2591BA3D6EB005EB4FC /* Debug */ = {
			isa = XCBuildConfiguration;
			buildSettings = {
				ASSETCATALOG_COMPILER_APPICON_NAME = AppIcon;
				INFOPLIST_FILE = ToDoList/Info.plist;
				LD_RUNPATH_SEARCH_PATHS = "$(inherited) @executable_path/Frameworks";
				PRODUCT_NAME = "$(TARGET_NAME)";
			};
			name = Debug;
		};
		D230D25A1BA3D6EB005EB4FC /* Release */ = {
			isa = XCBuildConfiguration;
			buildSettings = {
				ASSETCATALOG_COMPILER_APPICON_NAME = AppIcon;
				INFOPLIST_FILE = ToDoList/Info.plist;
				LD_RUNPATH_SEARCH_PATHS = "$(inherited) @executable_path/Frameworks";
				PRODUCT_NAME = "$(TARGET_NAME)";
			};
			name = Release;
		};
		D230D25C1BA3D6EB005EB4FC /* Debug */ = {
			isa = XCBuildConfiguration;
			buildSettings = {
				BUNDLE_LOADER = "$(TEST_HOST)";
				FRAMEWORK_SEARCH_PATHS = (
					"$(SDKROOT)/Developer/Library/Frameworks",
					"$(inherited)",
				);
				GCC_PREPROCESSOR_DEFINITIONS = (
					"DEBUG=1",
					"$(inherited)",
				);
				INFOPLIST_FILE = ToDoListTests/Info.plist;
				LD_RUNPATH_SEARCH_PATHS = "$(inherited) @executable_path/Frameworks @loader_path/Frameworks";
				PRODUCT_NAME = "$(TARGET_NAME)";
				TEST_HOST = "$(BUILT_PRODUCTS_DIR)/ToDoList.app/ToDoList";
			};
			name = Debug;
		};
		D230D25D1BA3D6EB005EB4FC /* Release */ = {
			isa = XCBuildConfiguration;
			buildSettings = {
				BUNDLE_LOADER = "$(TEST_HOST)";
				FRAMEWORK_SEARCH_PATHS = (
					"$(SDKROOT)/Developer/Library/Frameworks",
					"$(inherited)",
				);
				INFOPLIST_FILE = ToDoListTests/Info.plist;
				LD_RUNPATH_SEARCH_PATHS = "$(inherited) @executable_path/Frameworks @loader_path/Frameworks";
				PRODUCT_NAME = "$(TARGET_NAME)";
				TEST_HOST = "$(BUILT_PRODUCTS_DIR)/ToDoList.app/ToDoList";
			};
			name = Release;
		};
/* End XCBuildConfiguration section */

/* Begin XCConfigurationList section */
		D230D2301BA3D6EB005EB4FC /* Build configuration list for PBXProject "ToDoList" */ = {
			isa = XCConfigurationList;
			buildConfigurations = (
				D230D2561BA3D6EB005EB4FC /* Debug */,
				D230D2571BA3D6EB005EB4FC /* Release */,
			);
			defaultConfigurationIsVisible = 0;
			defaultConfigurationName = Release;
		};
		D230D2581BA3D6EB005EB4FC /* Build configuration list for PBXNativeTarget "ToDoList" */ = {
			isa = XCConfigurationList;
			buildConfigurations = (
				D230D2591BA3D6EB005EB4FC /* Debug */,
				D230D25A1BA3D6EB005EB4FC /* Release */,
			);
			defaultConfigurationIsVisible = 0;
			defaultConfigurationName = Release;
		};
		D230D25B1BA3D6EB005EB4FC /* Build configuration list for PBXNativeTarget "ToDoListTests" */ = {
			isa = XCConfigurationList;
			buildConfigurations = (
				D230D25C1BA3D6EB005EB4FC /* Debug */,
				D230D25D1BA3D6EB005EB4FC /* Release */,
			);
			defaultConfigurationIsVisible = 0;
			defaultConfigurationName = Release;
		};
/* End XCConfigurationList section */
	};
	rootObject = D230D22D1BA3D6EB005EB4FC /* Project object */;
}
