// !$*UTF8*$!
{
	archiveVersion = 1;
	classes = {
	};
	objectVersion = 46;
	objects = {

/* Begin PBXBuildFile section */
		D2D333661B923A780080E916 /* main.m in Sources */ = {isa = PBXBuildFile; fileRef = D2D333651B923A780080E916 /* main.m */; };
		D2D333691B923A780080E916 /* AppDelegate.m in Sources */ = {isa = PBXBuildFile; fileRef = D2D333681B923A780080E916 /* AppDelegate.m */; };
		D2D3336C1B923A780080E916 /* ViewController.m in Sources */ = {isa = PBXBuildFile; fileRef = D2D3336B1B923A780080E916 /* ViewController.m */; };
		D2D3336F1B923A780080E916 /* Main.storyboard in Resources */ = {isa = PBXBuildFile; fileRef = D2D3336D1B923A780080E916 /* Main.storyboard */; };
		D2D333711B923A780080E916 /* Images.xcassets in Resources */ = {isa = PBXBuildFile; fileRef = D2D333701B923A780080E916 /* Images.xcassets */; };
		D2D333741B923A780080E916 /* LaunchScreen.xib in Resources */ = {isa = PBXBuildFile; fileRef = D2D333721B923A780080E916 /* LaunchScreen.xib */; };
		D2D333801B923A780080E916 /* calculator2Tests.m in Sources */ = {isa = PBXBuildFile; fileRef = D2D3337F1B923A780080E916 /* calculator2Tests.m */; };
/* End PBXBuildFile section */

/* Begin PBXContainerItemProxy section */
		D2D3337A1B923A780080E916 /* PBXContainerItemProxy */ = {
			isa = PBXContainerItemProxy;
			containerPortal = D2D333581B923A780080E916 /* Project object */;
			proxyType = 1;
			remoteGlobalIDString = D2D3335F1B923A780080E916;
			remoteInfo = calculator2;
		};
/* End PBXContainerItemProxy section */

/* Begin PBXFileReference section */
		D2D333601B923A780080E916 /* calculator2.app */ = {isa = PBXFileReference; explicitFileType = wrapper.application; includeInIndex = 0; path = calculator2.app; sourceTree = BUILT_PRODUCTS_DIR; };
		D2D333641B923A780080E916 /* Info.plist */ = {isa = PBXFileReference; lastKnownFileType = text.plist.xml; path = Info.plist; sourceTree = "<group>"; };
		D2D333651B923A780080E916 /* main.m */ = {isa = PBXFileReference; lastKnownFileType = sourcecode.c.objc; path = main.m; sourceTree = "<group>"; };
		D2D333671B923A780080E916 /* AppDelegate.h */ = {isa = PBXFileReference; lastKnownFileType = sourcecode.c.h; path = AppDelegate.h; sourceTree = "<group>"; };
		D2D333681B923A780080E916 /* AppDelegate.m */ = {isa = PBXFileReference; lastKnownFileType = sourcecode.c.objc; path = AppDelegate.m; sourceTree = "<group>"; };
		D2D3336A1B923A780080E916 /* ViewController.h */ = {isa = PBXFileReference; lastKnownFileType = sourcecode.c.h; path = ViewController.h; sourceTree = "<group>"; };
		D2D3336B1B923A780080E916 /* ViewController.m */ = {isa = PBXFileReference; lastKnownFileType = sourcecode.c.objc; path = ViewController.m; sourceTree = "<group>"; };
		D2D3336E1B923A780080E916 /* Base */ = {isa = PBXFileReference; lastKnownFileType = file.storyboard; name = Base; path = Base.lproj/Main.storyboard; sourceTree = "<group>"; };
		D2D333701B923A780080E916 /* Images.xcassets */ = {isa = PBXFileReference; lastKnownFileType = folder.assetcatalog; path = Images.xcassets; sourceTree = "<group>"; };
		D2D333731B923A780080E916 /* Base */ = {isa = PBXFileReference; lastKnownFileType = file.xib; name = Base; path = Base.lproj/LaunchScreen.xib; sourceTree = "<group>"; };
		D2D333791B923A780080E916 /* calculator2Tests.xctest */ = {isa = PBXFileReference; explicitFileType = wrapper.cfbundle; includeInIndex = 0; path = calculator2Tests.xctest; sourceTree = BUILT_PRODUCTS_DIR; };
		D2D3337E1B923A780080E916 /* Info.plist */ = {isa = PBXFileReference; lastKnownFileType = text.plist.xml; path = Info.plist; sourceTree = "<group>"; };
		D2D3337F1B923A780080E916 /* calculator2Tests.m */ = {isa = PBXFileReference; lastKnownFileType = sourcecode.c.objc; path = calculator2Tests.m; sourceTree = "<group>"; };
/* End PBXFileReference section */

/* Begin PBXFrameworksBuildPhase section */
		D2D3335D1B923A780080E916 /* Frameworks */ = {
			isa = PBXFrameworksBuildPhase;
			buildActionMask = 2147483647;
			files = (
			);
			runOnlyForDeploymentPostprocessing = 0;
		};
		D2D333761B923A780080E916 /* Frameworks */ = {
			isa = PBXFrameworksBuildPhase;
			buildActionMask = 2147483647;
			files = (
			);
			runOnlyForDeploymentPostprocessing = 0;
		};
/* End PBXFrameworksBuildPhase section */

/* Begin PBXGroup section */
		D2D333571B923A780080E916 = {
			isa = PBXGroup;
			children = (
				D2D333621B923A780080E916 /* calculator2 */,
				D2D3337C1B923A780080E916 /* calculator2Tests */,
				D2D333611B923A780080E916 /* Products */,
			);
			sourceTree = "<group>";
		};
		D2D333611B923A780080E916 /* Products */ = {
			isa = PBXGroup;
			children = (
				D2D333601B923A780080E916 /* calculator2.app */,
				D2D333791B923A780080E916 /* calculator2Tests.xctest */,
			);
			name = Products;
			sourceTree = "<group>";
		};
		D2D333621B923A780080E916 /* calculator2 */ = {
			isa = PBXGroup;
			children = (
				D2D333671B923A780080E916 /* AppDelegate.h */,
				D2D333681B923A780080E916 /* AppDelegate.m */,
				D2D3336A1B923A780080E916 /* ViewController.h */,
				D2D3336B1B923A780080E916 /* ViewController.m */,
				D2D3336D1B923A780080E916 /* Main.storyboard */,
				D2D333701B923A780080E916 /* Images.xcassets */,
				D2D333721B923A780080E916 /* LaunchScreen.xib */,
				D2D333631B923A780080E916 /* Supporting Files */,
			);
			path = calculator2;
			sourceTree = "<group>";
		};
		D2D333631B923A780080E916 /* Supporting Files */ = {
			isa = PBXGroup;
			children = (
				D2D333641B923A780080E916 /* Info.plist */,
				D2D333651B923A780080E916 /* main.m */,
			);
			name = "Supporting Files";
			sourceTree = "<group>";
		};
		D2D3337C1B923A780080E916 /* calculator2Tests */ = {
			isa = PBXGroup;
			children = (
				D2D3337F1B923A780080E916 /* calculator2Tests.m */,
				D2D3337D1B923A780080E916 /* Supporting Files */,
			);
			path = calculator2Tests;
			sourceTree = "<group>";
		};
		D2D3337D1B923A780080E916 /* Supporting Files */ = {
			isa = PBXGroup;
			children = (
				D2D3337E1B923A780080E916 /* Info.plist */,
			);
			name = "Supporting Files";
			sourceTree = "<group>";
		};
/* End PBXGroup section */

/* Begin PBXNativeTarget section */
		D2D3335F1B923A780080E916 /* calculator2 */ = {
			isa = PBXNativeTarget;
			buildConfigurationList = D2D333831B923A780080E916 /* Build configuration list for PBXNativeTarget "calculator2" */;
			buildPhases = (
				D2D3335C1B923A780080E916 /* Sources */,
				D2D3335D1B923A780080E916 /* Frameworks */,
				D2D3335E1B923A780080E916 /* Resources */,
			);
			buildRules = (
			);
			dependencies = (
			);
			name = calculator2;
			productName = calculator2;
			productReference = D2D333601B923A780080E916 /* calculator2.app */;
			productType = "com.apple.product-type.application";
		};
		D2D333781B923A780080E916 /* calculator2Tests */ = {
			isa = PBXNativeTarget;
			buildConfigurationList = D2D333861B923A780080E916 /* Build configuration list for PBXNativeTarget "calculator2Tests" */;
			buildPhases = (
				D2D333751B923A780080E916 /* Sources */,
				D2D333761B923A780080E916 /* Frameworks */,
				D2D333771B923A780080E916 /* Resources */,
			);
			buildRules = (
			);
			dependencies = (
				D2D3337B1B923A780080E916 /* PBXTargetDependency */,
			);
			name = calculator2Tests;
			productName = calculator2Tests;
			productReference = D2D333791B923A780080E916 /* calculator2Tests.xctest */;
			productType = "com.apple.product-type.bundle.unit-test";
		};
/* End PBXNativeTarget section */

/* Begin PBXProject section */
		D2D333581B923A780080E916 /* Project object */ = {
			isa = PBXProject;
			attributes = {
				LastUpgradeCheck = 0640;
				ORGANIZATIONNAME = ech;
				TargetAttributes = {
					D2D3335F1B923A780080E916 = {
						CreatedOnToolsVersion = 6.4;
					};
					D2D333781B923A780080E916 = {
						CreatedOnToolsVersion = 6.4;
						TestTargetID = D2D3335F1B923A780080E916;
					};
				};
			};
			buildConfigurationList = D2D3335B1B923A780080E916 /* Build configuration list for PBXProject "calculator2" */;
			compatibilityVersion = "Xcode 3.2";
			developmentRegion = English;
			hasScannedForEncodings = 0;
			knownRegions = (
				en,
				Base,
			);
			mainGroup = D2D333571B923A780080E916;
			productRefGroup = D2D333611B923A780080E916 /* Products */;
			projectDirPath = "";
			projectRoot = "";
			targets = (
				D2D3335F1B923A780080E916 /* calculator2 */,
				D2D333781B923A780080E916 /* calculator2Tests */,
			);
		};
/* End PBXProject section */

/* Begin PBXResourcesBuildPhase section */
		D2D3335E1B923A780080E916 /* Resources */ = {
			isa = PBXResourcesBuildPhase;
			buildActionMask = 2147483647;
			files = (
				D2D3336F1B923A780080E916 /* Main.storyboard in Resources */,
				D2D333741B923A780080E916 /* LaunchScreen.xib in Resources */,
				D2D333711B923A780080E916 /* Images.xcassets in Resources */,
			);
			runOnlyForDeploymentPostprocessing = 0;
		};
		D2D333771B923A780080E916 /* Resources */ = {
			isa = PBXResourcesBuildPhase;
			buildActionMask = 2147483647;
			files = (
			);
			runOnlyForDeploymentPostprocessing = 0;
		};
/* End PBXResourcesBuildPhase section */

/* Begin PBXSourcesBuildPhase section */
		D2D3335C1B923A780080E916 /* Sources */ = {
			isa = PBXSourcesBuildPhase;
			buildActionMask = 2147483647;
			files = (
				D2D3336C1B923A780080E916 /* ViewController.m in Sources */,
				D2D333691B923A780080E916 /* AppDelegate.m in Sources */,
				D2D333661B923A780080E916 /* main.m in Sources */,
			);
			runOnlyForDeploymentPostprocessing = 0;
		};
		D2D333751B923A780080E916 /* Sources */ = {
			isa = PBXSourcesBuildPhase;
			buildActionMask = 2147483647;
			files = (
				D2D333801B923A780080E916 /* calculator2Tests.m in Sources */,
			);
			runOnlyForDeploymentPostprocessing = 0;
		};
/* End PBXSourcesBuildPhase section */

/* Begin PBXTargetDependency section */
		D2D3337B1B923A780080E916 /* PBXTargetDependency */ = {
			isa = PBXTargetDependency;
			target = D2D3335F1B923A780080E916 /* calculator2 */;
			targetProxy = D2D3337A1B923A780080E916 /* PBXContainerItemProxy */;
		};
/* End PBXTargetDependency section */

/* Begin PBXVariantGroup section */
		D2D3336D1B923A780080E916 /* Main.storyboard */ = {
			isa = PBXVariantGroup;
			children = (
				D2D3336E1B923A780080E916 /* Base */,
			);
			name = Main.storyboard;
			sourceTree = "<group>";
		};
		D2D333721B923A780080E916 /* LaunchScreen.xib */ = {
			isa = PBXVariantGroup;
			children = (
				D2D333731B923A780080E916 /* Base */,
			);
			name = LaunchScreen.xib;
			sourceTree = "<group>";
		};
/* End PBXVariantGroup section */

/* Begin XCBuildConfiguration section */
		D2D333811B923A780080E916 /* Debug */ = {
			isa = XCBuildConfiguration;
			buildSettings = {
				ALWAYS_SEARCH_USER_PATHS = NO;
				CLANG_CXX_LANGUAGE_STANDARD = "gnu++0x";
				CLANG_CXX_LIBRARY = "libc++";
				CLANG_ENABLE_MODULES = YES;
				CLANG_ENABLE_OBJC_ARC = YES;
				CLANG_WARN_BOOL_CONVERSION = YES;
				CLANG_WARN_CONSTANT_CONVERSION = YES;
				CLANG_WARN_DIRECT_OBJC_ISA_USAGE = YES_ERROR;
				CLANG_WARN_EMPTY_BODY = YES;
				CLANG_WARN_ENUM_CONVERSION = YES;
				CLANG_WARN_INT_CONVERSION = YES;
				CLANG_WARN_OBJC_ROOT_CLASS = YES_ERROR;
				CLANG_WARN_UNREACHABLE_CODE = YES;
				CLANG_WARN__DUPLICATE_METHOD_MATCH = YES;
				"CODE_SIGN_IDENTITY[sdk=iphoneos*]" = "iPhone Developer";
				COPY_PHASE_STRIP = NO;
				DEBUG_INFORMATION_FORMAT = "dwarf-with-dsym";
				ENABLE_STRICT_OBJC_MSGSEND = YES;
				GCC_C_LANGUAGE_STANDARD = gnu99;
				GCC_DYNAMIC_NO_PIC = NO;
				GCC_NO_COMMON_BLOCKS = YES;
				GCC_OPTIMIZATION_LEVEL = 0;
				GCC_PREPROCESSOR_DEFINITIONS = (
					"DEBUG=1",
					"$(inherited)",
				);
				GCC_SYMBOLS_PRIVATE_EXTERN = NO;
				GCC_WARN_64_TO_32_BIT_CONVERSION = YES;
				GCC_WARN_ABOUT_RETURN_TYPE = YES_ERROR;
				GCC_WARN_UNDECLARED_SELECTOR = YES;
				GCC_WARN_UNINITIALIZED_AUTOS = YES_AGGRESSIVE;
				GCC_WARN_UNUSED_FUNCTION = YES;
				GCC_WARN_UNUSED_VARIABLE = YES;
				IPHONEOS_DEPLOYMENT_TARGET = 8.4;
				MTL_ENABLE_DEBUG_INFO = YES;
				ONLY_ACTIVE_ARCH = YES;
				SDKROOT = iphoneos;
			};
			name = Debug;
		};
		D2D333821B923A780080E916 /* Release */ = {
			isa = XCBuildConfiguration;
			buildSettings = {
				ALWAYS_SEARCH_USER_PATHS = NO;
				CLANG_CXX_LANGUAGE_STANDARD = "gnu++0x";
				CLANG_CXX_LIBRARY = "libc++";
				CLANG_ENABLE_MODULES = YES;
				CLANG_ENABLE_OBJC_ARC = YES;
				CLANG_WARN_BOOL_CONVERSION = YES;
				CLANG_WARN_CONSTANT_CONVERSION = YES;
				CLANG_WARN_DIRECT_OBJC_ISA_USAGE = YES_ERROR;
				CLANG_WARN_EMPTY_BODY = YES;
				CLANG_WARN_ENUM_CONVERSION = YES;
				CLANG_WARN_INT_CONVERSION = YES;
				CLANG_WARN_OBJC_ROOT_CLASS = YES_ERROR;
				CLANG_WARN_UNREACHABLE_CODE = YES;
				CLANG_WARN__DUPLICATE_METHOD_MATCH = YES;
				"CODE_SIGN_IDENTITY[sdk=iphoneos*]" = "iPhone Developer";
				COPY_PHASE_STRIP = NO;
				DEBUG_INFORMATION_FORMAT = "dwarf-with-dsym";
				ENABLE_NS_ASSERTIONS = NO;
				ENABLE_STRICT_OBJC_MSGSEND = YES;
				GCC_C_LANGUAGE_STANDARD = gnu99;
				GCC_NO_COMMON_BLOCKS = YES;
				GCC_WARN_64_TO_32_BIT_CONVERSION = YES;
				GCC_WARN_ABOUT_RETURN_TYPE = YES_ERROR;
				GCC_WARN_UNDECLARED_SELECTOR = YES;
				GCC_WARN_UNINITIALIZED_AUTOS = YES_AGGRESSIVE;
				GCC_WARN_UNUSED_FUNCTION = YES;
				GCC_WARN_UNUSED_VARIABLE = YES;
				IPHONEOS_DEPLOYMENT_TARGET = 8.4;
				MTL_ENABLE_DEBUG_INFO = NO;
				SDKROOT = iphoneos;
				VALIDATE_PRODUCT = YES;
			};
			name = Release;
		};
		D2D333841B923A780080E916 /* Debug */ = {
			isa = XCBuildConfiguration;
			buildSettings = {
				ASSETCATALOG_COMPILER_APPICON_NAME = AppIcon;
				INFOPLIST_FILE = calculator2/Info.plist;
				LD_RUNPATH_SEARCH_PATHS = "$(inherited) @executable_path/Frameworks";
				PRODUCT_NAME = "$(TARGET_NAME)";
			};
			name = Debug;
		};
		D2D333851B923A780080E916 /* Release */ = {
			isa = XCBuildConfiguration;
			buildSettings = {
				ASSETCATALOG_COMPILER_APPICON_NAME = AppIcon;
				INFOPLIST_FILE = calculator2/Info.plist;
				LD_RUNPATH_SEARCH_PATHS = "$(inherited) @executable_path/Frameworks";
				PRODUCT_NAME = "$(TARGET_NAME)";
			};
			name = Release;
		};
		D2D333871B923A780080E916 /* Debug */ = {
			isa = XCBuildConfiguration;
			buildSettings = {
				BUNDLE_LOADER = "$(TEST_HOST)";
				FRAMEWORK_SEARCH_PATHS = (
					"$(SDKROOT)/Developer/Library/Frameworks",
					"$(inherited)",
				);
				GCC_PREPROCESSOR_DEFINITIONS = (
					"DEBUG=1",
					"$(inherited)",
				);
				INFOPLIST_FILE = calculator2Tests/Info.plist;
				LD_RUNPATH_SEARCH_PATHS = "$(inherited) @executable_path/Frameworks @loader_path/Frameworks";
				PRODUCT_NAME = "$(TARGET_NAME)";
				TEST_HOST = "$(BUILT_PRODUCTS_DIR)/calculator2.app/calculator2";
			};
			name = Debug;
		};
		D2D333881B923A780080E916 /* Release */ = {
			isa = XCBuildConfiguration;
			buildSettings = {
				BUNDLE_LOADER = "$(TEST_HOST)";
				FRAMEWORK_SEARCH_PATHS = (
					"$(SDKROOT)/Developer/Library/Frameworks",
					"$(inherited)",
				);
				INFOPLIST_FILE = calculator2Tests/Info.plist;
				LD_RUNPATH_SEARCH_PATHS = "$(inherited) @executable_path/Frameworks @loader_path/Frameworks";
				PRODUCT_NAME = "$(TARGET_NAME)";
				TEST_HOST = "$(BUILT_PRODUCTS_DIR)/calculator2.app/calculator2";
			};
			name = Release;
		};
/* End XCBuildConfiguration section */

/* Begin XCConfigurationList section */
		D2D3335B1B923A780080E916 /* Build configuration list for PBXProject "calculator2" */ = {
			isa = XCConfigurationList;
			buildConfigurations = (
				D2D333811B923A780080E916 /* Debug */,
				D2D333821B923A780080E916 /* Release */,
			);
			defaultConfigurationIsVisible = 0;
			defaultConfigurationName = Release;
		};
		D2D333831B923A780080E916 /* Build configuration list for PBXNativeTarget "calculator2" */ = {
			isa = XCConfigurationList;
			buildConfigurations = (
				D2D333841B923A780080E916 /* Debug */,
				D2D333851B923A780080E916 /* Release */,
			);
			defaultConfigurationIsVisible = 0;
		};
		D2D333861B923A780080E916 /* Build configuration list for PBXNativeTarget "calculator2Tests" */ = {
			isa = XCConfigurationList;
			buildConfigurations = (
				D2D333871B923A780080E916 /* Debug */,
				D2D333881B923A780080E916 /* Release */,
			);
			defaultConfigurationIsVisible = 0;
		};
/* End XCConfigurationList section */
	};
	rootObject = D2D333581B923A780080E916 /* Project object */;
}
