// !$*UTF8*$!
{
	archiveVersion = 1;
	classes = {
	};
	objectVersion = 46;
	objects = {

/* Begin PBXBuildFile section */
		D2AA242F1B8E863000728824 /* main.m in Sources */ = {isa = PBXBuildFile; fileRef = D2AA242E1B8E863000728824 /* main.m */; };
		D2AA24321B8E863000728824 /* AppDelegate.m in Sources */ = {isa = PBXBuildFile; fileRef = D2AA24311B8E863000728824 /* AppDelegate.m */; };
		D2AA24351B8E863000728824 /* ViewController.m in Sources */ = {isa = PBXBuildFile; fileRef = D2AA24341B8E863000728824 /* ViewController.m */; };
		D2AA24381B8E863000728824 /* Main.storyboard in Resources */ = {isa = PBXBuildFile; fileRef = D2AA24361B8E863000728824 /* Main.storyboard */; };
		D2AA243A1B8E863000728824 /* Images.xcassets in Resources */ = {isa = PBXBuildFile; fileRef = D2AA24391B8E863000728824 /* Images.xcassets */; };
		D2AA243D1B8E863000728824 /* LaunchScreen.xib in Resources */ = {isa = PBXBuildFile; fileRef = D2AA243B1B8E863000728824 /* LaunchScreen.xib */; };
		D2AA24491B8E863100728824 /* calculatorTests.m in Sources */ = {isa = PBXBuildFile; fileRef = D2AA24481B8E863100728824 /* calculatorTests.m */; };
/* End PBXBuildFile section */

/* Begin PBXContainerItemProxy section */
		D2AA24431B8E863100728824 /* PBXContainerItemProxy */ = {
			isa = PBXContainerItemProxy;
			containerPortal = D2AA24211B8E863000728824 /* Project object */;
			proxyType = 1;
			remoteGlobalIDString = D2AA24281B8E863000728824;
			remoteInfo = calculator;
		};
/* End PBXContainerItemProxy section */

/* Begin PBXFileReference section */
		D2AA24291B8E863000728824 /* calculator.app */ = {isa = PBXFileReference; explicitFileType = wrapper.application; includeInIndex = 0; path = calculator.app; sourceTree = BUILT_PRODUCTS_DIR; };
		D2AA242D1B8E863000728824 /* Info.plist */ = {isa = PBXFileReference; lastKnownFileType = text.plist.xml; path = Info.plist; sourceTree = "<group>"; };
		D2AA242E1B8E863000728824 /* main.m */ = {isa = PBXFileReference; lastKnownFileType = sourcecode.c.objc; path = main.m; sourceTree = "<group>"; };
		D2AA24301B8E863000728824 /* AppDelegate.h */ = {isa = PBXFileReference; lastKnownFileType = sourcecode.c.h; path = AppDelegate.h; sourceTree = "<group>"; };
		D2AA24311B8E863000728824 /* AppDelegate.m */ = {isa = PBXFileReference; lastKnownFileType = sourcecode.c.objc; path = AppDelegate.m; sourceTree = "<group>"; };
		D2AA24331B8E863000728824 /* ViewController.h */ = {isa = PBXFileReference; lastKnownFileType = sourcecode.c.h; path = ViewController.h; sourceTree = "<group>"; };
		D2AA24341B8E863000728824 /* ViewController.m */ = {isa = PBXFileReference; lastKnownFileType = sourcecode.c.objc; path = ViewController.m; sourceTree = "<group>"; };
		D2AA24371B8E863000728824 /* Base */ = {isa = PBXFileReference; lastKnownFileType = file.storyboard; name = Base; path = Base.lproj/Main.storyboard; sourceTree = "<group>"; };
		D2AA24391B8E863000728824 /* Images.xcassets */ = {isa = PBXFileReference; lastKnownFileType = folder.assetcatalog; path = Images.xcassets; sourceTree = "<group>"; };
		D2AA243C1B8E863000728824 /* Base */ = {isa = PBXFileReference; lastKnownFileType = file.xib; name = Base; path = Base.lproj/LaunchScreen.xib; sourceTree = "<group>"; };
		D2AA24421B8E863100728824 /* calculatorTests.xctest */ = {isa = PBXFileReference; explicitFileType = wrapper.cfbundle; includeInIndex = 0; path = calculatorTests.xctest; sourceTree = BUILT_PRODUCTS_DIR; };
		D2AA24471B8E863100728824 /* Info.plist */ = {isa = PBXFileReference; lastKnownFileType = text.plist.xml; path = Info.plist; sourceTree = "<group>"; };
		D2AA24481B8E863100728824 /* calculatorTests.m */ = {isa = PBXFileReference; lastKnownFileType = sourcecode.c.objc; path = calculatorTests.m; sourceTree = "<group>"; };
/* End PBXFileReference section */

/* Begin PBXFrameworksBuildPhase section */
		D2AA24261B8E863000728824 /* Frameworks */ = {
			isa = PBXFrameworksBuildPhase;
			buildActionMask = 2147483647;
			files = (
			);
			runOnlyForDeploymentPostprocessing = 0;
		};
		D2AA243F1B8E863100728824 /* Frameworks */ = {
			isa = PBXFrameworksBuildPhase;
			buildActionMask = 2147483647;
			files = (
			);
			runOnlyForDeploymentPostprocessing = 0;
		};
/* End PBXFrameworksBuildPhase section */

/* Begin PBXGroup section */
		D2AA24201B8E863000728824 = {
			isa = PBXGroup;
			children = (
				D2AA242B1B8E863000728824 /* calculator */,
				D2AA24451B8E863100728824 /* calculatorTests */,
				D2AA242A1B8E863000728824 /* Products */,
			);
			sourceTree = "<group>";
		};
		D2AA242A1B8E863000728824 /* Products */ = {
			isa = PBXGroup;
			children = (
				D2AA24291B8E863000728824 /* calculator.app */,
				D2AA24421B8E863100728824 /* calculatorTests.xctest */,
			);
			name = Products;
			sourceTree = "<group>";
		};
		D2AA242B1B8E863000728824 /* calculator */ = {
			isa = PBXGroup;
			children = (
				D2AA24301B8E863000728824 /* AppDelegate.h */,
				D2AA24311B8E863000728824 /* AppDelegate.m */,
				D2AA24331B8E863000728824 /* ViewController.h */,
				D2AA24341B8E863000728824 /* ViewController.m */,
				D2AA24361B8E863000728824 /* Main.storyboard */,
				D2AA24391B8E863000728824 /* Images.xcassets */,
				D2AA243B1B8E863000728824 /* LaunchScreen.xib */,
				D2AA242C1B8E863000728824 /* Supporting Files */,
			);
			path = calculator;
			sourceTree = "<group>";
		};
		D2AA242C1B8E863000728824 /* Supporting Files */ = {
			isa = PBXGroup;
			children = (
				D2AA242D1B8E863000728824 /* Info.plist */,
				D2AA242E1B8E863000728824 /* main.m */,
			);
			name = "Supporting Files";
			sourceTree = "<group>";
		};
		D2AA24451B8E863100728824 /* calculatorTests */ = {
			isa = PBXGroup;
			children = (
				D2AA24481B8E863100728824 /* calculatorTests.m */,
				D2AA24461B8E863100728824 /* Supporting Files */,
			);
			path = calculatorTests;
			sourceTree = "<group>";
		};
		D2AA24461B8E863100728824 /* Supporting Files */ = {
			isa = PBXGroup;
			children = (
				D2AA24471B8E863100728824 /* Info.plist */,
			);
			name = "Supporting Files";
			sourceTree = "<group>";
		};
/* End PBXGroup section */

/* Begin PBXNativeTarget section */
		D2AA24281B8E863000728824 /* calculator */ = {
			isa = PBXNativeTarget;
			buildConfigurationList = D2AA244C1B8E863100728824 /* Build configuration list for PBXNativeTarget "calculator" */;
			buildPhases = (
				D2AA24251B8E863000728824 /* Sources */,
				D2AA24261B8E863000728824 /* Frameworks */,
				D2AA24271B8E863000728824 /* Resources */,
			);
			buildRules = (
			);
			dependencies = (
			);
			name = calculator;
			productName = calculator;
			productReference = D2AA24291B8E863000728824 /* calculator.app */;
			productType = "com.apple.product-type.application";
		};
		D2AA24411B8E863100728824 /* calculatorTests */ = {
			isa = PBXNativeTarget;
			buildConfigurationList = D2AA244F1B8E863100728824 /* Build configuration list for PBXNativeTarget "calculatorTests" */;
			buildPhases = (
				D2AA243E1B8E863100728824 /* Sources */,
				D2AA243F1B8E863100728824 /* Frameworks */,
				D2AA24401B8E863100728824 /* Resources */,
			);
			buildRules = (
			);
			dependencies = (
				D2AA24441B8E863100728824 /* PBXTargetDependency */,
			);
			name = calculatorTests;
			productName = calculatorTests;
			productReference = D2AA24421B8E863100728824 /* calculatorTests.xctest */;
			productType = "com.apple.product-type.bundle.unit-test";
		};
/* End PBXNativeTarget section */

/* Begin PBXProject section */
		D2AA24211B8E863000728824 /* Project object */ = {
			isa = PBXProject;
			attributes = {
				LastUpgradeCheck = 0640;
				ORGANIZATIONNAME = ech;
				TargetAttributes = {
					D2AA24281B8E863000728824 = {
						CreatedOnToolsVersion = 6.4;
					};
					D2AA24411B8E863100728824 = {
						CreatedOnToolsVersion = 6.4;
						TestTargetID = D2AA24281B8E863000728824;
					};
				};
			};
			buildConfigurationList = D2AA24241B8E863000728824 /* Build configuration list for PBXProject "calculator" */;
			compatibilityVersion = "Xcode 3.2";
			developmentRegion = English;
			hasScannedForEncodings = 0;
			knownRegions = (
				en,
				Base,
			);
			mainGroup = D2AA24201B8E863000728824;
			productRefGroup = D2AA242A1B8E863000728824 /* Products */;
			projectDirPath = "";
			projectRoot = "";
			targets = (
				D2AA24281B8E863000728824 /* calculator */,
				D2AA24411B8E863100728824 /* calculatorTests */,
			);
		};
/* End PBXProject section */

/* Begin PBXResourcesBuildPhase section */
		D2AA24271B8E863000728824 /* Resources */ = {
			isa = PBXResourcesBuildPhase;
			buildActionMask = 2147483647;
			files = (
				D2AA24381B8E863000728824 /* Main.storyboard in Resources */,
				D2AA243D1B8E863000728824 /* LaunchScreen.xib in Resources */,
				D2AA243A1B8E863000728824 /* Images.xcassets in Resources */,
			);
			runOnlyForDeploymentPostprocessing = 0;
		};
		D2AA24401B8E863100728824 /* Resources */ = {
			isa = PBXResourcesBuildPhase;
			buildActionMask = 2147483647;
			files = (
			);
			runOnlyForDeploymentPostprocessing = 0;
		};
/* End PBXResourcesBuildPhase section */

/* Begin PBXSourcesBuildPhase section */
		D2AA24251B8E863000728824 /* Sources */ = {
			isa = PBXSourcesBuildPhase;
			buildActionMask = 2147483647;
			files = (
				D2AA24351B8E863000728824 /* ViewController.m in Sources */,
				D2AA24321B8E863000728824 /* AppDelegate.m in Sources */,
				D2AA242F1B8E863000728824 /* main.m in Sources */,
			);
			runOnlyForDeploymentPostprocessing = 0;
		};
		D2AA243E1B8E863100728824 /* Sources */ = {
			isa = PBXSourcesBuildPhase;
			buildActionMask = 2147483647;
			files = (
				D2AA24491B8E863100728824 /* calculatorTests.m in Sources */,
			);
			runOnlyForDeploymentPostprocessing = 0;
		};
/* End PBXSourcesBuildPhase section */

/* Begin PBXTargetDependency section */
		D2AA24441B8E863100728824 /* PBXTargetDependency */ = {
			isa = PBXTargetDependency;
			target = D2AA24281B8E863000728824 /* calculator */;
			targetProxy = D2AA24431B8E863100728824 /* PBXContainerItemProxy */;
		};
/* End PBXTargetDependency section */

/* Begin PBXVariantGroup section */
		D2AA24361B8E863000728824 /* Main.storyboard */ = {
			isa = PBXVariantGroup;
			children = (
				D2AA24371B8E863000728824 /* Base */,
			);
			name = Main.storyboard;
			sourceTree = "<group>";
		};
		D2AA243B1B8E863000728824 /* LaunchScreen.xib */ = {
			isa = PBXVariantGroup;
			children = (
				D2AA243C1B8E863000728824 /* Base */,
			);
			name = LaunchScreen.xib;
			sourceTree = "<group>";
		};
/* End PBXVariantGroup section */

/* Begin XCBuildConfiguration section */
		D2AA244A1B8E863100728824 /* Debug */ = {
			isa = XCBuildConfiguration;
			buildSettings = {
				ALWAYS_SEARCH_USER_PATHS = NO;
				CLANG_CXX_LANGUAGE_STANDARD = "gnu++0x";
				CLANG_CXX_LIBRARY = "libc++";
				CLANG_ENABLE_MODULES = YES;
				CLANG_ENABLE_OBJC_ARC = YES;
				CLANG_WARN_BOOL_CONVERSION = YES;
				CLANG_WARN_CONSTANT_CONVERSION = YES;
				CLANG_WARN_DIRECT_OBJC_ISA_USAGE = YES_ERROR;
				CLANG_WARN_EMPTY_BODY = YES;
				CLANG_WARN_ENUM_CONVERSION = YES;
				CLANG_WARN_INT_CONVERSION = YES;
				CLANG_WARN_OBJC_ROOT_CLASS = YES_ERROR;
				CLANG_WARN_UNREACHABLE_CODE = YES;
				CLANG_WARN__DUPLICATE_METHOD_MATCH = YES;
				"CODE_SIGN_IDENTITY[sdk=iphoneos*]" = "iPhone Developer";
				COPY_PHASE_STRIP = NO;
				DEBUG_INFORMATION_FORMAT = "dwarf-with-dsym";
				ENABLE_STRICT_OBJC_MSGSEND = YES;
				GCC_C_LANGUAGE_STANDARD = gnu99;
				GCC_DYNAMIC_NO_PIC = NO;
				GCC_NO_COMMON_BLOCKS = YES;
				GCC_OPTIMIZATION_LEVEL = 0;
				GCC_PREPROCESSOR_DEFINITIONS = (
					"DEBUG=1",
					"$(inherited)",
				);
				GCC_SYMBOLS_PRIVATE_EXTERN = NO;
				GCC_WARN_64_TO_32_BIT_CONVERSION = YES;
				GCC_WARN_ABOUT_RETURN_TYPE = YES_ERROR;
				GCC_WARN_UNDECLARED_SELECTOR = YES;
				GCC_WARN_UNINITIALIZED_AUTOS = YES_AGGRESSIVE;
				GCC_WARN_UNUSED_FUNCTION = YES;
				GCC_WARN_UNUSED_VARIABLE = YES;
				IPHONEOS_DEPLOYMENT_TARGET = 8.4;
				MTL_ENABLE_DEBUG_INFO = YES;
				ONLY_ACTIVE_ARCH = YES;
				SDKROOT = iphoneos;
			};
			name = Debug;
		};
		D2AA244B1B8E863100728824 /* Release */ = {
			isa = XCBuildConfiguration;
			buildSettings = {
				ALWAYS_SEARCH_USER_PATHS = NO;
				CLANG_CXX_LANGUAGE_STANDARD = "gnu++0x";
				CLANG_CXX_LIBRARY = "libc++";
				CLANG_ENABLE_MODULES = YES;
				CLANG_ENABLE_OBJC_ARC = YES;
				CLANG_WARN_BOOL_CONVERSION = YES;
				CLANG_WARN_CONSTANT_CONVERSION = YES;
				CLANG_WARN_DIRECT_OBJC_ISA_USAGE = YES_ERROR;
				CLANG_WARN_EMPTY_BODY = YES;
				CLANG_WARN_ENUM_CONVERSION = YES;
				CLANG_WARN_INT_CONVERSION = YES;
				CLANG_WARN_OBJC_ROOT_CLASS = YES_ERROR;
				CLANG_WARN_UNREACHABLE_CODE = YES;
				CLANG_WARN__DUPLICATE_METHOD_MATCH = YES;
				"CODE_SIGN_IDENTITY[sdk=iphoneos*]" = "iPhone Developer";
				COPY_PHASE_STRIP = NO;
				DEBUG_INFORMATION_FORMAT = "dwarf-with-dsym";
				ENABLE_NS_ASSERTIONS = NO;
				ENABLE_STRICT_OBJC_MSGSEND = YES;
				GCC_C_LANGUAGE_STANDARD = gnu99;
				GCC_NO_COMMON_BLOCKS = YES;
				GCC_WARN_64_TO_32_BIT_CONVERSION = YES;
				GCC_WARN_ABOUT_RETURN_TYPE = YES_ERROR;
				GCC_WARN_UNDECLARED_SELECTOR = YES;
				GCC_WARN_UNINITIALIZED_AUTOS = YES_AGGRESSIVE;
				GCC_WARN_UNUSED_FUNCTION = YES;
				GCC_WARN_UNUSED_VARIABLE = YES;
				IPHONEOS_DEPLOYMENT_TARGET = 8.4;
				MTL_ENABLE_DEBUG_INFO = NO;
				SDKROOT = iphoneos;
				VALIDATE_PRODUCT = YES;
			};
			name = Release;
		};
		D2AA244D1B8E863100728824 /* Debug */ = {
			isa = XCBuildConfiguration;
			buildSettings = {
				ASSETCATALOG_COMPILER_APPICON_NAME = AppIcon;
				INFOPLIST_FILE = calculator/Info.plist;
				LD_RUNPATH_SEARCH_PATHS = "$(inherited) @executable_path/Frameworks";
				PRODUCT_NAME = "$(TARGET_NAME)";
			};
			name = Debug;
		};
		D2AA244E1B8E863100728824 /* Release */ = {
			isa = XCBuildConfiguration;
			buildSettings = {
				ASSETCATALOG_COMPILER_APPICON_NAME = AppIcon;
				INFOPLIST_FILE = calculator/Info.plist;
				LD_RUNPATH_SEARCH_PATHS = "$(inherited) @executable_path/Frameworks";
				PRODUCT_NAME = "$(TARGET_NAME)";
			};
			name = Release;
		};
		D2AA24501B8E863100728824 /* Debug */ = {
			isa = XCBuildConfiguration;
			buildSettings = {
				BUNDLE_LOADER = "$(TEST_HOST)";
				FRAMEWORK_SEARCH_PATHS = (
					"$(SDKROOT)/Developer/Library/Frameworks",
					"$(inherited)",
				);
				GCC_PREPROCESSOR_DEFINITIONS = (
					"DEBUG=1",
					"$(inherited)",
				);
				INFOPLIST_FILE = calculatorTests/Info.plist;
				LD_RUNPATH_SEARCH_PATHS = "$(inherited) @executable_path/Frameworks @loader_path/Frameworks";
				PRODUCT_NAME = "$(TARGET_NAME)";
				TEST_HOST = "$(BUILT_PRODUCTS_DIR)/calculator.app/calculator";
			};
			name = Debug;
		};
		D2AA24511B8E863100728824 /* Release */ = {
			isa = XCBuildConfiguration;
			buildSettings = {
				BUNDLE_LOADER = "$(TEST_HOST)";
				FRAMEWORK_SEARCH_PATHS = (
					"$(SDKROOT)/Developer/Library/Frameworks",
					"$(inherited)",
				);
				INFOPLIST_FILE = calculatorTests/Info.plist;
				LD_RUNPATH_SEARCH_PATHS = "$(inherited) @executable_path/Frameworks @loader_path/Frameworks";
				PRODUCT_NAME = "$(TARGET_NAME)";
				TEST_HOST = "$(BUILT_PRODUCTS_DIR)/calculator.app/calculator";
			};
			name = Release;
		};
/* End XCBuildConfiguration section */

/* Begin XCConfigurationList section */
		D2AA24241B8E863000728824 /* Build configuration list for PBXProject "calculator" */ = {
			isa = XCConfigurationList;
			buildConfigurations = (
				D2AA244A1B8E863100728824 /* Debug */,
				D2AA244B1B8E863100728824 /* Release */,
			);
			defaultConfigurationIsVisible = 0;
			defaultConfigurationName = Release;
		};
		D2AA244C1B8E863100728824 /* Build configuration list for PBXNativeTarget "calculator" */ = {
			isa = XCConfigurationList;
			buildConfigurations = (
				D2AA244D1B8E863100728824 /* Debug */,
				D2AA244E1B8E863100728824 /* Release */,
			);
			defaultConfigurationIsVisible = 0;
		};
		D2AA244F1B8E863100728824 /* Build configuration list for PBXNativeTarget "calculatorTests" */ = {
			isa = XCConfigurationList;
			buildConfigurations = (
				D2AA24501B8E863100728824 /* Debug */,
				D2AA24511B8E863100728824 /* Release */,
			);
			defaultConfigurationIsVisible = 0;
		};
/* End XCConfigurationList section */
	};
	rootObject = D2AA24211B8E863000728824 /* Project object */;
}
