// !$*UTF8*$!
{
	archiveVersion = 1;
	classes = {
	};
	objectVersion = 46;
	objects = {

/* Begin PBXBuildFile section */
		D2D15B5A1B880BCB00411B7C /* main.m in Sources */ = {isa = PBXBuildFile; fileRef = D2D15B591B880BCB00411B7C /* main.m */; };
		D2D15B621B880BE700411B7C /* comboforloops.m in Sources */ = {isa = PBXBuildFile; fileRef = D2D15B611B880BE700411B7C /* comboforloops.m */; };
/* End PBXBuildFile section */

/* Begin PBXCopyFilesBuildPhase section */
		D2D15B541B880BCB00411B7C /* CopyFiles */ = {
			isa = PBXCopyFilesBuildPhase;
			buildActionMask = 2147483647;
			dstPath = /usr/share/man/man1/;
			dstSubfolderSpec = 0;
			files = (
			);
			runOnlyForDeploymentPostprocessing = 1;
		};
/* End PBXCopyFilesBuildPhase section */

/* Begin PBXFileReference section */
		D2D15B561B880BCB00411B7C /* othermethodqu2 */ = {isa = PBXFileReference; explicitFileType = "compiled.mach-o.executable"; includeInIndex = 0; path = othermethodqu2; sourceTree = BUILT_PRODUCTS_DIR; };
		D2D15B591B880BCB00411B7C /* main.m */ = {isa = PBXFileReference; lastKnownFileType = sourcecode.c.objc; path = main.m; sourceTree = "<group>"; };
		D2D15B601B880BE700411B7C /* comboforloops.h */ = {isa = PBXFileReference; fileEncoding = 4; lastKnownFileType = sourcecode.c.h; name = comboforloops.h; path = othermethodqu2/comboforloops.h; sourceTree = "<group>"; };
		D2D15B611B880BE700411B7C /* comboforloops.m */ = {isa = PBXFileReference; fileEncoding = 4; lastKnownFileType = sourcecode.c.objc; name = comboforloops.m; path = othermethodqu2/comboforloops.m; sourceTree = "<group>"; };
/* End PBXFileReference section */

/* Begin PBXFrameworksBuildPhase section */
		D2D15B531B880BCB00411B7C /* Frameworks */ = {
			isa = PBXFrameworksBuildPhase;
			buildActionMask = 2147483647;
			files = (
			);
			runOnlyForDeploymentPostprocessing = 0;
		};
/* End PBXFrameworksBuildPhase section */

/* Begin PBXGroup section */
		D2D15B4D1B880BCB00411B7C = {
			isa = PBXGroup;
			children = (
				D2D15B601B880BE700411B7C /* comboforloops.h */,
				D2D15B611B880BE700411B7C /* comboforloops.m */,
				D2D15B581B880BCB00411B7C /* othermethodqu2 */,
				D2D15B571B880BCB00411B7C /* Products */,
			);
			sourceTree = "<group>";
		};
		D2D15B571B880BCB00411B7C /* Products */ = {
			isa = PBXGroup;
			children = (
				D2D15B561B880BCB00411B7C /* othermethodqu2 */,
			);
			name = Products;
			sourceTree = "<group>";
		};
		D2D15B581B880BCB00411B7C /* othermethodqu2 */ = {
			isa = PBXGroup;
			children = (
				D2D15B591B880BCB00411B7C /* main.m */,
			);
			path = othermethodqu2;
			sourceTree = "<group>";
		};
/* End PBXGroup section */

/* Begin PBXNativeTarget section */
		D2D15B551B880BCB00411B7C /* othermethodqu2 */ = {
			isa = PBXNativeTarget;
			buildConfigurationList = D2D15B5D1B880BCB00411B7C /* Build configuration list for PBXNativeTarget "othermethodqu2" */;
			buildPhases = (
				D2D15B521B880BCB00411B7C /* Sources */,
				D2D15B531B880BCB00411B7C /* Frameworks */,
				D2D15B541B880BCB00411B7C /* CopyFiles */,
			);
			buildRules = (
			);
			dependencies = (
			);
			name = othermethodqu2;
			productName = othermethodqu2;
			productReference = D2D15B561B880BCB00411B7C /* othermethodqu2 */;
			productType = "com.apple.product-type.tool";
		};
/* End PBXNativeTarget section */

/* Begin PBXProject section */
		D2D15B4E1B880BCB00411B7C /* Project object */ = {
			isa = PBXProject;
			attributes = {
				LastUpgradeCheck = 0640;
				ORGANIZATIONNAME = ech;
				TargetAttributes = {
					D2D15B551B880BCB00411B7C = {
						CreatedOnToolsVersion = 6.4;
					};
				};
			};
			buildConfigurationList = D2D15B511B880BCB00411B7C /* Build configuration list for PBXProject "othermethodqu2" */;
			compatibilityVersion = "Xcode 3.2";
			developmentRegion = English;
			hasScannedForEncodings = 0;
			knownRegions = (
				en,
			);
			mainGroup = D2D15B4D1B880BCB00411B7C;
			productRefGroup = D2D15B571B880BCB00411B7C /* Products */;
			projectDirPath = "";
			projectRoot = "";
			targets = (
				D2D15B551B880BCB00411B7C /* othermethodqu2 */,
			);
		};
/* End PBXProject section */

/* Begin PBXSourcesBuildPhase section */
		D2D15B521B880BCB00411B7C /* Sources */ = {
			isa = PBXSourcesBuildPhase;
			buildActionMask = 2147483647;
			files = (
				D2D15B621B880BE700411B7C /* comboforloops.m in Sources */,
				D2D15B5A1B880BCB00411B7C /* main.m in Sources */,
			);
			runOnlyForDeploymentPostprocessing = 0;
		};
/* End PBXSourcesBuildPhase section */

/* Begin XCBuildConfiguration section */
		D2D15B5B1B880BCB00411B7C /* Debug */ = {
			isa = XCBuildConfiguration;
			buildSettings = {
				ALWAYS_SEARCH_USER_PATHS = NO;
				CLANG_CXX_LANGUAGE_STANDARD = "gnu++0x";
				CLANG_CXX_LIBRARY = "libc++";
				CLANG_ENABLE_MODULES = YES;
				CLANG_ENABLE_OBJC_ARC = YES;
				CLANG_WARN_BOOL_CONVERSION = YES;
				CLANG_WARN_CONSTANT_CONVERSION = YES;
				CLANG_WARN_DIRECT_OBJC_ISA_USAGE = YES_ERROR;
				CLANG_WARN_EMPTY_BODY = YES;
				CLANG_WARN_ENUM_CONVERSION = YES;
				CLANG_WARN_INT_CONVERSION = YES;
				CLANG_WARN_OBJC_ROOT_CLASS = YES_ERROR;
				CLANG_WARN_UNREACHABLE_CODE = YES;
				CLANG_WARN__DUPLICATE_METHOD_MATCH = YES;
				COPY_PHASE_STRIP = NO;
				DEBUG_INFORMATION_FORMAT = dwarf;
				ENABLE_STRICT_OBJC_MSGSEND = YES;
				GCC_C_LANGUAGE_STANDARD = gnu99;
				GCC_DYNAMIC_NO_PIC = NO;
				GCC_NO_COMMON_BLOCKS = YES;
				GCC_OPTIMIZATION_LEVEL = 0;
				GCC_PREPROCESSOR_DEFINITIONS = (
					"DEBUG=1",
					"$(inherited)",
				);
				GCC_SYMBOLS_PRIVATE_EXTERN = NO;
				GCC_WARN_64_TO_32_BIT_CONVERSION = YES;
				GCC_WARN_ABOUT_RETURN_TYPE = YES_ERROR;
				GCC_WARN_UNDECLARED_SELECTOR = YES;
				GCC_WARN_UNINITIALIZED_AUTOS = YES_AGGRESSIVE;
				GCC_WARN_UNUSED_FUNCTION = YES;
				GCC_WARN_UNUSED_VARIABLE = YES;
				MACOSX_DEPLOYMENT_TARGET = 10.10;
				MTL_ENABLE_DEBUG_INFO = YES;
				ONLY_ACTIVE_ARCH = YES;
				SDKROOT = macosx;
			};
			name = Debug;
		};
		D2D15B5C1B880BCB00411B7C /* Release */ = {
			isa = XCBuildConfiguration;
			buildSettings = {
				ALWAYS_SEARCH_USER_PATHS = NO;
				CLANG_CXX_LANGUAGE_STANDARD = "gnu++0x";
				CLANG_CXX_LIBRARY = "libc++";
				CLANG_ENABLE_MODULES = YES;
				CLANG_ENABLE_OBJC_ARC = YES;
				CLANG_WARN_BOOL_CONVERSION = YES;
				CLANG_WARN_CONSTANT_CONVERSION = YES;
				CLANG_WARN_DIRECT_OBJC_ISA_USAGE = YES_ERROR;
				CLANG_WARN_EMPTY_BODY = YES;
				CLANG_WARN_ENUM_CONVERSION = YES;
				CLANG_WARN_INT_CONVERSION = YES;
				CLANG_WARN_OBJC_ROOT_CLASS = YES_ERROR;
				CLANG_WARN_UNREACHABLE_CODE = YES;
				CLANG_WARN__DUPLICATE_METHOD_MATCH = YES;
				COPY_PHASE_STRIP = NO;
				DEBUG_INFORMATION_FORMAT = "dwarf-with-dsym";
				ENABLE_NS_ASSERTIONS = NO;
				ENABLE_STRICT_OBJC_MSGSEND = YES;
				GCC_C_LANGUAGE_STANDARD = gnu99;
				GCC_NO_COMMON_BLOCKS = YES;
				GCC_WARN_64_TO_32_BIT_CONVERSION = YES;
				GCC_WARN_ABOUT_RETURN_TYPE = YES_ERROR;
				GCC_WARN_UNDECLARED_SELECTOR = YES;
				GCC_WARN_UNINITIALIZED_AUTOS = YES_AGGRESSIVE;
				GCC_WARN_UNUSED_FUNCTION = YES;
				GCC_WARN_UNUSED_VARIABLE = YES;
				MACOSX_DEPLOYMENT_TARGET = 10.10;
				MTL_ENABLE_DEBUG_INFO = NO;
				SDKROOT = macosx;
			};
			name = Release;
		};
		D2D15B5E1B880BCB00411B7C /* Debug */ = {
			isa = XCBuildConfiguration;
			buildSettings = {
				PRODUCT_NAME = "$(TARGET_NAME)";
			};
			name = Debug;
		};
		D2D15B5F1B880BCB00411B7C /* Release */ = {
			isa = XCBuildConfiguration;
			buildSettings = {
				PRODUCT_NAME = "$(TARGET_NAME)";
			};
			name = Release;
		};
/* End XCBuildConfiguration section */

/* Begin XCConfigurationList section */
		D2D15B511B880BCB00411B7C /* Build configuration list for PBXProject "othermethodqu2" */ = {
			isa = XCConfigurationList;
			buildConfigurations = (
				D2D15B5B1B880BCB00411B7C /* Debug */,
				D2D15B5C1B880BCB00411B7C /* Release */,
			);
			defaultConfigurationIsVisible = 0;
			defaultConfigurationName = Release;
		};
		D2D15B5D1B880BCB00411B7C /* Build configuration list for PBXNativeTarget "othermethodqu2" */ = {
			isa = XCConfigurationList;
			buildConfigurations = (
				D2D15B5E1B880BCB00411B7C /* Debug */,
				D2D15B5F1B880BCB00411B7C /* Release */,
			);
			defaultConfigurationIsVisible = 0;
		};
/* End XCConfigurationList section */
	};
	rootObject = D2D15B4E1B880BCB00411B7C /* Project object */;
}
