// !$*UTF8*$!
{
	archiveVersion = 1;
	classes = {
	};
	objectVersion = 46;
	objects = {

/* Begin PBXBuildFile section */
		D275EC001B87C7CD002922C4 /* main.m in Sources */ = {isa = PBXBuildFile; fileRef = D275EBFF1B87C7CD002922C4 /* main.m */; };
		D275EC031B87C7CD002922C4 /* AppDelegate.m in Sources */ = {isa = PBXBuildFile; fileRef = D275EC021B87C7CD002922C4 /* AppDelegate.m */; };
		D275EC061B87C7CD002922C4 /* ViewController.m in Sources */ = {isa = PBXBuildFile; fileRef = D275EC051B87C7CD002922C4 /* ViewController.m */; };
		D275EC091B87C7CD002922C4 /* Main.storyboard in Resources */ = {isa = PBXBuildFile; fileRef = D275EC071B87C7CD002922C4 /* Main.storyboard */; };
		D275EC0B1B87C7CD002922C4 /* Images.xcassets in Resources */ = {isa = PBXBuildFile; fileRef = D275EC0A1B87C7CD002922C4 /* Images.xcassets */; };
		D275EC0E1B87C7CD002922C4 /* LaunchScreen.xib in Resources */ = {isa = PBXBuildFile; fileRef = D275EC0C1B87C7CD002922C4 /* LaunchScreen.xib */; };
		D275EC1A1B87C7CD002922C4 /* SimpleTableTests.m in Sources */ = {isa = PBXBuildFile; fileRef = D275EC191B87C7CD002922C4 /* SimpleTableTests.m */; };
/* End PBXBuildFile section */

/* Begin PBXContainerItemProxy section */
		D275EC141B87C7CD002922C4 /* PBXContainerItemProxy */ = {
			isa = PBXContainerItemProxy;
			containerPortal = D275EBF21B87C7CD002922C4 /* Project object */;
			proxyType = 1;
			remoteGlobalIDString = D275EBF91B87C7CD002922C4;
			remoteInfo = SimpleTable;
		};
/* End PBXContainerItemProxy section */

/* Begin PBXFileReference section */
		D275EBFA1B87C7CD002922C4 /* SimpleTable.app */ = {isa = PBXFileReference; explicitFileType = wrapper.application; includeInIndex = 0; path = SimpleTable.app; sourceTree = BUILT_PRODUCTS_DIR; };
		D275EBFE1B87C7CD002922C4 /* Info.plist */ = {isa = PBXFileReference; lastKnownFileType = text.plist.xml; path = Info.plist; sourceTree = "<group>"; };
		D275EBFF1B87C7CD002922C4 /* main.m */ = {isa = PBXFileReference; lastKnownFileType = sourcecode.c.objc; path = main.m; sourceTree = "<group>"; };
		D275EC011B87C7CD002922C4 /* AppDelegate.h */ = {isa = PBXFileReference; lastKnownFileType = sourcecode.c.h; path = AppDelegate.h; sourceTree = "<group>"; };
		D275EC021B87C7CD002922C4 /* AppDelegate.m */ = {isa = PBXFileReference; lastKnownFileType = sourcecode.c.objc; path = AppDelegate.m; sourceTree = "<group>"; };
		D275EC041B87C7CD002922C4 /* ViewController.h */ = {isa = PBXFileReference; lastKnownFileType = sourcecode.c.h; path = ViewController.h; sourceTree = "<group>"; };
		D275EC051B87C7CD002922C4 /* ViewController.m */ = {isa = PBXFileReference; lastKnownFileType = sourcecode.c.objc; path = ViewController.m; sourceTree = "<group>"; };
		D275EC081B87C7CD002922C4 /* Base */ = {isa = PBXFileReference; lastKnownFileType = file.storyboard; name = Base; path = Base.lproj/Main.storyboard; sourceTree = "<group>"; };
		D275EC0A1B87C7CD002922C4 /* Images.xcassets */ = {isa = PBXFileReference; lastKnownFileType = folder.assetcatalog; path = Images.xcassets; sourceTree = "<group>"; };
		D275EC0D1B87C7CD002922C4 /* Base */ = {isa = PBXFileReference; lastKnownFileType = file.xib; name = Base; path = Base.lproj/LaunchScreen.xib; sourceTree = "<group>"; };
		D275EC131B87C7CD002922C4 /* SimpleTableTests.xctest */ = {isa = PBXFileReference; explicitFileType = wrapper.cfbundle; includeInIndex = 0; path = SimpleTableTests.xctest; sourceTree = BUILT_PRODUCTS_DIR; };
		D275EC181B87C7CD002922C4 /* Info.plist */ = {isa = PBXFileReference; lastKnownFileType = text.plist.xml; path = Info.plist; sourceTree = "<group>"; };
		D275EC191B87C7CD002922C4 /* SimpleTableTests.m */ = {isa = PBXFileReference; lastKnownFileType = sourcecode.c.objc; path = SimpleTableTests.m; sourceTree = "<group>"; };
/* End PBXFileReference section */

/* Begin PBXFrameworksBuildPhase section */
		D275EBF71B87C7CD002922C4 /* Frameworks */ = {
			isa = PBXFrameworksBuildPhase;
			buildActionMask = 2147483647;
			files = (
			);
			runOnlyForDeploymentPostprocessing = 0;
		};
		D275EC101B87C7CD002922C4 /* Frameworks */ = {
			isa = PBXFrameworksBuildPhase;
			buildActionMask = 2147483647;
			files = (
			);
			runOnlyForDeploymentPostprocessing = 0;
		};
/* End PBXFrameworksBuildPhase section */

/* Begin PBXGroup section */
		D275EBF11B87C7CD002922C4 = {
			isa = PBXGroup;
			children = (
				D275EBFC1B87C7CD002922C4 /* SimpleTable */,
				D275EC161B87C7CD002922C4 /* SimpleTableTests */,
				D275EBFB1B87C7CD002922C4 /* Products */,
			);
			sourceTree = "<group>";
		};
		D275EBFB1B87C7CD002922C4 /* Products */ = {
			isa = PBXGroup;
			children = (
				D275EBFA1B87C7CD002922C4 /* SimpleTable.app */,
				D275EC131B87C7CD002922C4 /* SimpleTableTests.xctest */,
			);
			name = Products;
			sourceTree = "<group>";
		};
		D275EBFC1B87C7CD002922C4 /* SimpleTable */ = {
			isa = PBXGroup;
			children = (
				D275EC011B87C7CD002922C4 /* AppDelegate.h */,
				D275EC021B87C7CD002922C4 /* AppDelegate.m */,
				D275EC041B87C7CD002922C4 /* ViewController.h */,
				D275EC051B87C7CD002922C4 /* ViewController.m */,
				D275EC071B87C7CD002922C4 /* Main.storyboard */,
				D275EC0A1B87C7CD002922C4 /* Images.xcassets */,
				D275EC0C1B87C7CD002922C4 /* LaunchScreen.xib */,
				D275EBFD1B87C7CD002922C4 /* Supporting Files */,
			);
			path = SimpleTable;
			sourceTree = "<group>";
		};
		D275EBFD1B87C7CD002922C4 /* Supporting Files */ = {
			isa = PBXGroup;
			children = (
				D275EBFE1B87C7CD002922C4 /* Info.plist */,
				D275EBFF1B87C7CD002922C4 /* main.m */,
			);
			name = "Supporting Files";
			sourceTree = "<group>";
		};
		D275EC161B87C7CD002922C4 /* SimpleTableTests */ = {
			isa = PBXGroup;
			children = (
				D275EC191B87C7CD002922C4 /* SimpleTableTests.m */,
				D275EC171B87C7CD002922C4 /* Supporting Files */,
			);
			path = SimpleTableTests;
			sourceTree = "<group>";
		};
		D275EC171B87C7CD002922C4 /* Supporting Files */ = {
			isa = PBXGroup;
			children = (
				D275EC181B87C7CD002922C4 /* Info.plist */,
			);
			name = "Supporting Files";
			sourceTree = "<group>";
		};
/* End PBXGroup section */

/* Begin PBXNativeTarget section */
		D275EBF91B87C7CD002922C4 /* SimpleTable */ = {
			isa = PBXNativeTarget;
			buildConfigurationList = D275EC1D1B87C7CD002922C4 /* Build configuration list for PBXNativeTarget "SimpleTable" */;
			buildPhases = (
				D275EBF61B87C7CD002922C4 /* Sources */,
				D275EBF71B87C7CD002922C4 /* Frameworks */,
				D275EBF81B87C7CD002922C4 /* Resources */,
			);
			buildRules = (
			);
			dependencies = (
			);
			name = SimpleTable;
			productName = SimpleTable;
			productReference = D275EBFA1B87C7CD002922C4 /* SimpleTable.app */;
			productType = "com.apple.product-type.application";
		};
		D275EC121B87C7CD002922C4 /* SimpleTableTests */ = {
			isa = PBXNativeTarget;
			buildConfigurationList = D275EC201B87C7CD002922C4 /* Build configuration list for PBXNativeTarget "SimpleTableTests" */;
			buildPhases = (
				D275EC0F1B87C7CD002922C4 /* Sources */,
				D275EC101B87C7CD002922C4 /* Frameworks */,
				D275EC111B87C7CD002922C4 /* Resources */,
			);
			buildRules = (
			);
			dependencies = (
				D275EC151B87C7CD002922C4 /* PBXTargetDependency */,
			);
			name = SimpleTableTests;
			productName = SimpleTableTests;
			productReference = D275EC131B87C7CD002922C4 /* SimpleTableTests.xctest */;
			productType = "com.apple.product-type.bundle.unit-test";
		};
/* End PBXNativeTarget section */

/* Begin PBXProject section */
		D275EBF21B87C7CD002922C4 /* Project object */ = {
			isa = PBXProject;
			attributes = {
				LastUpgradeCheck = 0640;
				ORGANIZATIONNAME = ech;
				TargetAttributes = {
					D275EBF91B87C7CD002922C4 = {
						CreatedOnToolsVersion = 6.4;
					};
					D275EC121B87C7CD002922C4 = {
						CreatedOnToolsVersion = 6.4;
						TestTargetID = D275EBF91B87C7CD002922C4;
					};
				};
			};
			buildConfigurationList = D275EBF51B87C7CD002922C4 /* Build configuration list for PBXProject "SimpleTable" */;
			compatibilityVersion = "Xcode 3.2";
			developmentRegion = English;
			hasScannedForEncodings = 0;
			knownRegions = (
				en,
				Base,
			);
			mainGroup = D275EBF11B87C7CD002922C4;
			productRefGroup = D275EBFB1B87C7CD002922C4 /* Products */;
			projectDirPath = "";
			projectRoot = "";
			targets = (
				D275EBF91B87C7CD002922C4 /* SimpleTable */,
				D275EC121B87C7CD002922C4 /* SimpleTableTests */,
			);
		};
/* End PBXProject section */

/* Begin PBXResourcesBuildPhase section */
		D275EBF81B87C7CD002922C4 /* Resources */ = {
			isa = PBXResourcesBuildPhase;
			buildActionMask = 2147483647;
			files = (
				D275EC091B87C7CD002922C4 /* Main.storyboard in Resources */,
				D275EC0E1B87C7CD002922C4 /* LaunchScreen.xib in Resources */,
				D275EC0B1B87C7CD002922C4 /* Images.xcassets in Resources */,
			);
			runOnlyForDeploymentPostprocessing = 0;
		};
		D275EC111B87C7CD002922C4 /* Resources */ = {
			isa = PBXResourcesBuildPhase;
			buildActionMask = 2147483647;
			files = (
			);
			runOnlyForDeploymentPostprocessing = 0;
		};
/* End PBXResourcesBuildPhase section */

/* Begin PBXSourcesBuildPhase section */
		D275EBF61B87C7CD002922C4 /* Sources */ = {
			isa = PBXSourcesBuildPhase;
			buildActionMask = 2147483647;
			files = (
				D275EC061B87C7CD002922C4 /* ViewController.m in Sources */,
				D275EC031B87C7CD002922C4 /* AppDelegate.m in Sources */,
				D275EC001B87C7CD002922C4 /* main.m in Sources */,
			);
			runOnlyForDeploymentPostprocessing = 0;
		};
		D275EC0F1B87C7CD002922C4 /* Sources */ = {
			isa = PBXSourcesBuildPhase;
			buildActionMask = 2147483647;
			files = (
				D275EC1A1B87C7CD002922C4 /* SimpleTableTests.m in Sources */,
			);
			runOnlyForDeploymentPostprocessing = 0;
		};
/* End PBXSourcesBuildPhase section */

/* Begin PBXTargetDependency section */
		D275EC151B87C7CD002922C4 /* PBXTargetDependency */ = {
			isa = PBXTargetDependency;
			target = D275EBF91B87C7CD002922C4 /* SimpleTable */;
			targetProxy = D275EC141B87C7CD002922C4 /* PBXContainerItemProxy */;
		};
/* End PBXTargetDependency section */

/* Begin PBXVariantGroup section */
		D275EC071B87C7CD002922C4 /* Main.storyboard */ = {
			isa = PBXVariantGroup;
			children = (
				D275EC081B87C7CD002922C4 /* Base */,
			);
			name = Main.storyboard;
			sourceTree = "<group>";
		};
		D275EC0C1B87C7CD002922C4 /* LaunchScreen.xib */ = {
			isa = PBXVariantGroup;
			children = (
				D275EC0D1B87C7CD002922C4 /* Base */,
			);
			name = LaunchScreen.xib;
			sourceTree = "<group>";
		};
/* End PBXVariantGroup section */

/* Begin XCBuildConfiguration section */
		D275EC1B1B87C7CD002922C4 /* Debug */ = {
			isa = XCBuildConfiguration;
			buildSettings = {
				ALWAYS_SEARCH_USER_PATHS = NO;
				CLANG_CXX_LANGUAGE_STANDARD = "gnu++0x";
				CLANG_CXX_LIBRARY = "libc++";
				CLANG_ENABLE_MODULES = YES;
				CLANG_ENABLE_OBJC_ARC = YES;
				CLANG_WARN_BOOL_CONVERSION = YES;
				CLANG_WARN_CONSTANT_CONVERSION = YES;
				CLANG_WARN_DIRECT_OBJC_ISA_USAGE = YES_ERROR;
				CLANG_WARN_EMPTY_BODY = YES;
				CLANG_WARN_ENUM_CONVERSION = YES;
				CLANG_WARN_INT_CONVERSION = YES;
				CLANG_WARN_OBJC_ROOT_CLASS = YES_ERROR;
				CLANG_WARN_UNREACHABLE_CODE = YES;
				CLANG_WARN__DUPLICATE_METHOD_MATCH = YES;
				"CODE_SIGN_IDENTITY[sdk=iphoneos*]" = "iPhone Developer";
				COPY_PHASE_STRIP = NO;
				DEBUG_INFORMATION_FORMAT = "dwarf-with-dsym";
				ENABLE_STRICT_OBJC_MSGSEND = YES;
				GCC_C_LANGUAGE_STANDARD = gnu99;
				GCC_DYNAMIC_NO_PIC = NO;
				GCC_NO_COMMON_BLOCKS = YES;
				GCC_OPTIMIZATION_LEVEL = 0;
				GCC_PREPROCESSOR_DEFINITIONS = (
					"DEBUG=1",
					"$(inherited)",
				);
				GCC_SYMBOLS_PRIVATE_EXTERN = NO;
				GCC_WARN_64_TO_32_BIT_CONVERSION = YES;
				GCC_WARN_ABOUT_RETURN_TYPE = YES_ERROR;
				GCC_WARN_UNDECLARED_SELECTOR = YES;
				GCC_WARN_UNINITIALIZED_AUTOS = YES_AGGRESSIVE;
				GCC_WARN_UNUSED_FUNCTION = YES;
				GCC_WARN_UNUSED_VARIABLE = YES;
				IPHONEOS_DEPLOYMENT_TARGET = 8.4;
				MTL_ENABLE_DEBUG_INFO = YES;
				ONLY_ACTIVE_ARCH = YES;
				SDKROOT = iphoneos;
			};
			name = Debug;
		};
		D275EC1C1B87C7CD002922C4 /* Release */ = {
			isa = XCBuildConfiguration;
			buildSettings = {
				ALWAYS_SEARCH_USER_PATHS = NO;
				CLANG_CXX_LANGUAGE_STANDARD = "gnu++0x";
				CLANG_CXX_LIBRARY = "libc++";
				CLANG_ENABLE_MODULES = YES;
				CLANG_ENABLE_OBJC_ARC = YES;
				CLANG_WARN_BOOL_CONVERSION = YES;
				CLANG_WARN_CONSTANT_CONVERSION = YES;
				CLANG_WARN_DIRECT_OBJC_ISA_USAGE = YES_ERROR;
				CLANG_WARN_EMPTY_BODY = YES;
				CLANG_WARN_ENUM_CONVERSION = YES;
				CLANG_WARN_INT_CONVERSION = YES;
				CLANG_WARN_OBJC_ROOT_CLASS = YES_ERROR;
				CLANG_WARN_UNREACHABLE_CODE = YES;
				CLANG_WARN__DUPLICATE_METHOD_MATCH = YES;
				"CODE_SIGN_IDENTITY[sdk=iphoneos*]" = "iPhone Developer";
				COPY_PHASE_STRIP = NO;
				DEBUG_INFORMATION_FORMAT = "dwarf-with-dsym";
				ENABLE_NS_ASSERTIONS = NO;
				ENABLE_STRICT_OBJC_MSGSEND = YES;
				GCC_C_LANGUAGE_STANDARD = gnu99;
				GCC_NO_COMMON_BLOCKS = YES;
				GCC_WARN_64_TO_32_BIT_CONVERSION = YES;
				GCC_WARN_ABOUT_RETURN_TYPE = YES_ERROR;
				GCC_WARN_UNDECLARED_SELECTOR = YES;
				GCC_WARN_UNINITIALIZED_AUTOS = YES_AGGRESSIVE;
				GCC_WARN_UNUSED_FUNCTION = YES;
				GCC_WARN_UNUSED_VARIABLE = YES;
				IPHONEOS_DEPLOYMENT_TARGET = 8.4;
				MTL_ENABLE_DEBUG_INFO = NO;
				SDKROOT = iphoneos;
				VALIDATE_PRODUCT = YES;
			};
			name = Release;
		};
		D275EC1E1B87C7CD002922C4 /* Debug */ = {
			isa = XCBuildConfiguration;
			buildSettings = {
				ASSETCATALOG_COMPILER_APPICON_NAME = AppIcon;
				INFOPLIST_FILE = SimpleTable/Info.plist;
				LD_RUNPATH_SEARCH_PATHS = "$(inherited) @executable_path/Frameworks";
				PRODUCT_NAME = "$(TARGET_NAME)";
			};
			name = Debug;
		};
		D275EC1F1B87C7CD002922C4 /* Release */ = {
			isa = XCBuildConfiguration;
			buildSettings = {
				ASSETCATALOG_COMPILER_APPICON_NAME = AppIcon;
				INFOPLIST_FILE = SimpleTable/Info.plist;
				LD_RUNPATH_SEARCH_PATHS = "$(inherited) @executable_path/Frameworks";
				PRODUCT_NAME = "$(TARGET_NAME)";
			};
			name = Release;
		};
		D275EC211B87C7CD002922C4 /* Debug */ = {
			isa = XCBuildConfiguration;
			buildSettings = {
				BUNDLE_LOADER = "$(TEST_HOST)";
				FRAMEWORK_SEARCH_PATHS = (
					"$(SDKROOT)/Developer/Library/Frameworks",
					"$(inherited)",
				);
				GCC_PREPROCESSOR_DEFINITIONS = (
					"DEBUG=1",
					"$(inherited)",
				);
				INFOPLIST_FILE = SimpleTableTests/Info.plist;
				LD_RUNPATH_SEARCH_PATHS = "$(inherited) @executable_path/Frameworks @loader_path/Frameworks";
				PRODUCT_NAME = "$(TARGET_NAME)";
				TEST_HOST = "$(BUILT_PRODUCTS_DIR)/SimpleTable.app/SimpleTable";
			};
			name = Debug;
		};
		D275EC221B87C7CD002922C4 /* Release */ = {
			isa = XCBuildConfiguration;
			buildSettings = {
				BUNDLE_LOADER = "$(TEST_HOST)";
				FRAMEWORK_SEARCH_PATHS = (
					"$(SDKROOT)/Developer/Library/Frameworks",
					"$(inherited)",
				);
				INFOPLIST_FILE = SimpleTableTests/Info.plist;
				LD_RUNPATH_SEARCH_PATHS = "$(inherited) @executable_path/Frameworks @loader_path/Frameworks";
				PRODUCT_NAME = "$(TARGET_NAME)";
				TEST_HOST = "$(BUILT_PRODUCTS_DIR)/SimpleTable.app/SimpleTable";
			};
			name = Release;
		};
/* End XCBuildConfiguration section */

/* Begin XCConfigurationList section */
		D275EBF51B87C7CD002922C4 /* Build configuration list for PBXProject "SimpleTable" */ = {
			isa = XCConfigurationList;
			buildConfigurations = (
				D275EC1B1B87C7CD002922C4 /* Debug */,
				D275EC1C1B87C7CD002922C4 /* Release */,
			);
			defaultConfigurationIsVisible = 0;
			defaultConfigurationName = Release;
		};
		D275EC1D1B87C7CD002922C4 /* Build configuration list for PBXNativeTarget "SimpleTable" */ = {
			isa = XCConfigurationList;
			buildConfigurations = (
				D275EC1E1B87C7CD002922C4 /* Debug */,
				D275EC1F1B87C7CD002922C4 /* Release */,
			);
			defaultConfigurationIsVisible = 0;
		};
		D275EC201B87C7CD002922C4 /* Build configuration list for PBXNativeTarget "SimpleTableTests" */ = {
			isa = XCConfigurationList;
			buildConfigurations = (
				D275EC211B87C7CD002922C4 /* Debug */,
				D275EC221B87C7CD002922C4 /* Release */,
			);
			defaultConfigurationIsVisible = 0;
		};
/* End XCConfigurationList section */
	};
	rootObject = D275EBF21B87C7CD002922C4 /* Project object */;
}
